// !$*UTF8*$!
{
	archiveVersion = 1;
	classes = {
	};
	objectVersion = 48;
	objects = {

/* Begin PBXBuildFile section */
		9C03A2421F9A33DD008F191A /* EntityManager.swift in Sources */ = {isa = PBXBuildFile; fileRef = 9C03A2411F9A33DD008F191A /* EntityManager.swift */; };
		9C1B829D1F9E2FD300173FF3 /* SeekComponent.swift in Sources */ = {isa = PBXBuildFile; fileRef = 9C1B829C1F9E2FD300173FF3 /* SeekComponent.swift */; };
		9C1B829F1F9FADD300173FF3 /* ModelComponent.swift in Sources */ = {isa = PBXBuildFile; fileRef = 9C1B829E1F9FADD300173FF3 /* ModelComponent.swift */; };
		9C1B82A11FA0D09800173FF3 /* TrigonometryLib.swift in Sources */ = {isa = PBXBuildFile; fileRef = 9C1B82A01FA0D09600173FF3 /* TrigonometryLib.swift */; };
		9C6D3DEB1F93252A00B8FA2A /* Game.scnassets in Resources */ = {isa = PBXBuildFile; fileRef = 9C6D3DEA1F93252500B8FA2A /* Game.scnassets */; };
		9CFDF8701F9A36F7009385A7 /* PotatoEntity.swift in Sources */ = {isa = PBXBuildFile; fileRef = 9CFDF86F1F9A36F7009385A7 /* PotatoEntity.swift */; };
		D207CFC51F8EA2D10084240E /* Dpad.swift in Sources */ = {isa = PBXBuildFile; fileRef = D207CFC41F8EA2D10084240E /* Dpad.swift */; };
		D207CFC71F8EA5370084240E /* Stick.swift in Sources */ = {isa = PBXBuildFile; fileRef = D207CFC61F8EA5370084240E /* Stick.swift */; };
		D23270991F8D5C5000BEA2BA /* overlay.sks in Resources */ = {isa = PBXBuildFile; fileRef = D23270981F8D5C5000BEA2BA /* overlay.sks */; };
		D25160E51F93FA3400BF756A /* BaseState.swift in Sources */ = {isa = PBXBuildFile; fileRef = D25160E41F93FA3400BF756A /* BaseState.swift */; };
		D25160E81F93FB7F00BF756A /* RunningState.swift in Sources */ = {isa = PBXBuildFile; fileRef = D25160E71F93FB7F00BF756A /* RunningState.swift */; };
		D25160EA1F94063400BF756A /* SCNAnimationPlayer + Load Animation.swift in Sources */ = {isa = PBXBuildFile; fileRef = D25160E91F94063400BF756A /* SCNAnimationPlayer + Load Animation.swift */; };
		D25160EC1F940ACF00BF756A /* StandingState.swift in Sources */ = {isa = PBXBuildFile; fileRef = D25160EB1F940ACF00BF756A /* StandingState.swift */; };
		D25160EE1F940B0C00BF756A /* JumpingState.swift in Sources */ = {isa = PBXBuildFile; fileRef = D25160ED1F940B0C00BF756A /* JumpingState.swift */; };
		D25AD5A61F87E1B100F2093E /* PadOverlay.swift in Sources */ = {isa = PBXBuildFile; fileRef = D25AD5A51F87E1B100F2093E /* PadOverlay.swift */; };
		D25AD5AA1F87E96A00F2093E /* Overlay.swift in Sources */ = {isa = PBXBuildFile; fileRef = D25AD5A91F87E96A00F2093E /* Overlay.swift */; };
		D25AD5AC1F87EAC900F2093E /* GameController.swift in Sources */ = {isa = PBXBuildFile; fileRef = D25AD5AB1F87EAC800F2093E /* GameController.swift */; };
		D25AD5AE1F87ECF900F2093E /* Character.swift in Sources */ = {isa = PBXBuildFile; fileRef = D25AD5AD1F87ECF900F2093E /* Character.swift */; };
		D25AD5B11F8809DE00F2093E /* SceneKit.framework in Frameworks */ = {isa = PBXBuildFile; fileRef = D25AD5B01F8809DE00F2093E /* SceneKit.framework */; };
		D25AD5B31F8809E500F2093E /* GameKit.framework in Frameworks */ = {isa = PBXBuildFile; fileRef = D25AD5B21F8809E500F2093E /* GameKit.framework */; };
		D2719D901FA0EBDA00FCB61F /* AnimationType.swift in Sources */ = {isa = PBXBuildFile; fileRef = D2719D8F1FA0EBDA00FCB61F /* AnimationType.swift */; };
		D2863F221FA14761004CCCDC /* JumpingMoveState.swift in Sources */ = {isa = PBXBuildFile; fileRef = D2863F211FA14761004CCCDC /* JumpingMoveState.swift */; };
		D291BB541F8E976A00B2D111 /* SimdExtensions.swift in Sources */ = {isa = PBXBuildFile; fileRef = D291BB531F8E976A00B2D111 /* SimdExtensions.swift */; };
		D2E0A8981F993B5D00FCC255 /* JumpComponent.swift in Sources */ = {isa = PBXBuildFile; fileRef = D2E0A8971F993B5D00FCC255 /* JumpComponent.swift */; };
		D2EC857D1F83F1240093F009 /* AppDelegate.swift in Sources */ = {isa = PBXBuildFile; fileRef = D2EC857C1F83F1240093F009 /* AppDelegate.swift */; };
		D2EC85811F83F1240093F009 /* GameViewController.swift in Sources */ = {isa = PBXBuildFile; fileRef = D2EC85801F83F1240093F009 /* GameViewController.swift */; };
		D2EC85841F83F1240093F009 /* Main.storyboard in Resources */ = {isa = PBXBuildFile; fileRef = D2EC85821F83F1240093F009 /* Main.storyboard */; };
		D2EC85861F83F1240093F009 /* Assets.xcassets in Resources */ = {isa = PBXBuildFile; fileRef = D2EC85851F83F1240093F009 /* Assets.xcassets */; };
		D2EC85891F83F1240093F009 /* LaunchScreen.storyboard in Resources */ = {isa = PBXBuildFile; fileRef = D2EC85871F83F1240093F009 /* LaunchScreen.storyboard */; };
		D2F53D751F9A88FF00422F24 /* WalkingState.swift in Sources */ = {isa = PBXBuildFile; fileRef = D2F53D741F9A88FF00422F24 /* WalkingState.swift */; };
/* End PBXBuildFile section */

/* Begin PBXFileReference section */
		9C03A2411F9A33DD008F191A /* EntityManager.swift */ = {isa = PBXFileReference; lastKnownFileType = sourcecode.swift; path = EntityManager.swift; sourceTree = "<group>"; };
		9C1B829C1F9E2FD300173FF3 /* SeekComponent.swift */ = {isa = PBXFileReference; lastKnownFileType = sourcecode.swift; path = SeekComponent.swift; sourceTree = "<group>"; };
		9C1B829E1F9FADD300173FF3 /* ModelComponent.swift */ = {isa = PBXFileReference; lastKnownFileType = sourcecode.swift; path = ModelComponent.swift; sourceTree = "<group>"; };
		9C1B82A01FA0D09600173FF3 /* TrigonometryLib.swift */ = {isa = PBXFileReference; lastKnownFileType = sourcecode.swift; path = TrigonometryLib.swift; sourceTree = "<group>"; };
		9C6D3DEA1F93252500B8FA2A /* Game.scnassets */ = {isa = PBXFileReference; lastKnownFileType = wrapper.scnassets; path = Game.scnassets; sourceTree = "<group>"; };
		9CFDF86F1F9A36F7009385A7 /* PotatoEntity.swift */ = {isa = PBXFileReference; lastKnownFileType = sourcecode.swift; path = PotatoEntity.swift; sourceTree = "<group>"; };
		D207CFC41F8EA2D10084240E /* Dpad.swift */ = {isa = PBXFileReference; lastKnownFileType = sourcecode.swift; path = Dpad.swift; sourceTree = "<group>"; };
		D207CFC61F8EA5370084240E /* Stick.swift */ = {isa = PBXFileReference; lastKnownFileType = sourcecode.swift; path = Stick.swift; sourceTree = "<group>"; };
		D23270981F8D5C5000BEA2BA /* overlay.sks */ = {isa = PBXFileReference; lastKnownFileType = file.sks; path = overlay.sks; sourceTree = "<group>"; };
		D25160E41F93FA3400BF756A /* BaseState.swift */ = {isa = PBXFileReference; lastKnownFileType = sourcecode.swift; path = BaseState.swift; sourceTree = "<group>"; };
		D25160E71F93FB7F00BF756A /* RunningState.swift */ = {isa = PBXFileReference; lastKnownFileType = sourcecode.swift; path = RunningState.swift; sourceTree = "<group>"; };
		D25160E91F94063400BF756A /* SCNAnimationPlayer + Load Animation.swift */ = {isa = PBXFileReference; lastKnownFileType = sourcecode.swift; path = "SCNAnimationPlayer + Load Animation.swift"; sourceTree = "<group>"; };
		D25160EB1F940ACF00BF756A /* StandingState.swift */ = {isa = PBXFileReference; lastKnownFileType = sourcecode.swift; path = StandingState.swift; sourceTree = "<group>"; };
		D25160ED1F940B0C00BF756A /* JumpingState.swift */ = {isa = PBXFileReference; lastKnownFileType = sourcecode.swift; path = JumpingState.swift; sourceTree = "<group>"; };
		D25AD5A51F87E1B100F2093E /* PadOverlay.swift */ = {isa = PBXFileReference; lastKnownFileType = sourcecode.swift; path = PadOverlay.swift; sourceTree = "<group>"; };
		D25AD5A91F87E96A00F2093E /* Overlay.swift */ = {isa = PBXFileReference; lastKnownFileType = sourcecode.swift; path = Overlay.swift; sourceTree = "<group>"; };
		D25AD5AB1F87EAC800F2093E /* GameController.swift */ = {isa = PBXFileReference; lastKnownFileType = sourcecode.swift; path = GameController.swift; sourceTree = "<group>"; };
		D25AD5AD1F87ECF900F2093E /* Character.swift */ = {isa = PBXFileReference; lastKnownFileType = sourcecode.swift; path = Character.swift; sourceTree = "<group>"; };
		D25AD5B01F8809DE00F2093E /* SceneKit.framework */ = {isa = PBXFileReference; lastKnownFileType = wrapper.framework; name = SceneKit.framework; path = System/Library/Frameworks/SceneKit.framework; sourceTree = SDKROOT; };
		D25AD5B21F8809E500F2093E /* GameKit.framework */ = {isa = PBXFileReference; lastKnownFileType = wrapper.framework; name = GameKit.framework; path = System/Library/Frameworks/GameKit.framework; sourceTree = SDKROOT; };
		D2719D8F1FA0EBDA00FCB61F /* AnimationType.swift */ = {isa = PBXFileReference; lastKnownFileType = sourcecode.swift; path = AnimationType.swift; sourceTree = "<group>"; };
		D2863F211FA14761004CCCDC /* JumpingMoveState.swift */ = {isa = PBXFileReference; lastKnownFileType = sourcecode.swift; path = JumpingMoveState.swift; sourceTree = "<group>"; };
		D291BB531F8E976A00B2D111 /* SimdExtensions.swift */ = {isa = PBXFileReference; lastKnownFileType = sourcecode.swift; path = SimdExtensions.swift; sourceTree = "<group>"; };
		D2E0A8971F993B5D00FCC255 /* JumpComponent.swift */ = {isa = PBXFileReference; lastKnownFileType = sourcecode.swift; path = JumpComponent.swift; sourceTree = "<group>"; };
		D2EC85791F83F1240093F009 /* SpicyHero.app */ = {isa = PBXFileReference; explicitFileType = wrapper.application; includeInIndex = 0; path = SpicyHero.app; sourceTree = BUILT_PRODUCTS_DIR; };
		D2EC857C1F83F1240093F009 /* AppDelegate.swift */ = {isa = PBXFileReference; lastKnownFileType = sourcecode.swift; path = AppDelegate.swift; sourceTree = "<group>"; };
		D2EC85801F83F1240093F009 /* GameViewController.swift */ = {isa = PBXFileReference; lastKnownFileType = sourcecode.swift; path = GameViewController.swift; sourceTree = "<group>"; };
		D2EC85831F83F1240093F009 /* Base */ = {isa = PBXFileReference; lastKnownFileType = file.storyboard; name = Base; path = Base.lproj/Main.storyboard; sourceTree = "<group>"; };
		D2EC85851F83F1240093F009 /* Assets.xcassets */ = {isa = PBXFileReference; lastKnownFileType = folder.assetcatalog; path = Assets.xcassets; sourceTree = "<group>"; };
		D2EC85881F83F1240093F009 /* Base */ = {isa = PBXFileReference; lastKnownFileType = file.storyboard; name = Base; path = Base.lproj/LaunchScreen.storyboard; sourceTree = "<group>"; };
		D2EC858A1F83F1240093F009 /* Info.plist */ = {isa = PBXFileReference; lastKnownFileType = text.plist.xml; path = Info.plist; sourceTree = "<group>"; };
		D2F53D741F9A88FF00422F24 /* WalkingState.swift */ = {isa = PBXFileReference; lastKnownFileType = sourcecode.swift; path = WalkingState.swift; sourceTree = "<group>"; };
/* End PBXFileReference section */

/* Begin PBXFrameworksBuildPhase section */
		D2EC85761F83F1240093F009 /* Frameworks */ = {
			isa = PBXFrameworksBuildPhase;
			buildActionMask = 2147483647;
			files = (
				D25AD5B31F8809E500F2093E /* GameKit.framework in Frameworks */,
				D25AD5B11F8809DE00F2093E /* SceneKit.framework in Frameworks */,
			);
			runOnlyForDeploymentPostprocessing = 0;
		};
/* End PBXFrameworksBuildPhase section */

/* Begin PBXGroup section */
		9CFDF86D1F9A34E5009385A7 /* Utils */ = {
			isa = PBXGroup;
			children = (
				D25160E91F94063400BF756A /* SCNAnimationPlayer + Load Animation.swift */,
				D291BB531F8E976A00B2D111 /* SimdExtensions.swift */,
				9C1B82A01FA0D09600173FF3 /* TrigonometryLib.swift */,
			);
			path = Utils;
			sourceTree = "<group>";
		};
		9CFDF86E1F9A36C6009385A7 /* Entities */ = {
			isa = PBXGroup;
			children = (
				D25160E31F93FA0800BF756A /* Character */,
				9CFDF86F1F9A36F7009385A7 /* PotatoEntity.swift */,
				D2719D8F1FA0EBDA00FCB61F /* AnimationType.swift */,
			);
			path = Entities;
			sourceTree = "<group>";
		};
		D25160E31F93FA0800BF756A /* Character */ = {
			isa = PBXGroup;
			children = (
				D25AD5AD1F87ECF900F2093E /* Character.swift */,
				D25160E61F93FB6A00BF756A /* States */,
			);
			path = Character;
			sourceTree = "<group>";
		};
		D25160E61F93FB6A00BF756A /* States */ = {
			isa = PBXGroup;
			children = (
				D25160E41F93FA3400BF756A /* BaseState.swift */,
				D25160E71F93FB7F00BF756A /* RunningState.swift */,
				D25160EB1F940ACF00BF756A /* StandingState.swift */,
				D25160ED1F940B0C00BF756A /* JumpingState.swift */,
				D2F53D741F9A88FF00422F24 /* WalkingState.swift */,
				D2863F211FA14761004CCCDC /* JumpingMoveState.swift */,
			);
			path = States;
			sourceTree = "<group>";
		};
		D25AD5AF1F8809DD00F2093E /* Frameworks */ = {
			isa = PBXGroup;
			children = (
				D25AD5B21F8809E500F2093E /* GameKit.framework */,
				D25AD5B01F8809DE00F2093E /* SceneKit.framework */,
			);
			name = Frameworks;
			sourceTree = "<group>";
		};
		D2E0A8961F993B4800FCC255 /* Components */ = {
			isa = PBXGroup;
			children = (
				D2E0A8971F993B5D00FCC255 /* JumpComponent.swift */,
				9C1B829C1F9E2FD300173FF3 /* SeekComponent.swift */,
				9C1B829E1F9FADD300173FF3 /* ModelComponent.swift */,
			);
			path = Components;
			sourceTree = "<group>";
		};
		D2EC85701F83F1240093F009 = {
			isa = PBXGroup;
			children = (
				D2EC857B1F83F1240093F009 /* SpicyHero */,
				D2EC857A1F83F1240093F009 /* Products */,
				D25AD5AF1F8809DD00F2093E /* Frameworks */,
			);
			sourceTree = "<group>";
		};
		D2EC857A1F83F1240093F009 /* Products */ = {
			isa = PBXGroup;
			children = (
				D2EC85791F83F1240093F009 /* SpicyHero.app */,
			);
			name = Products;
			sourceTree = "<group>";
		};
		D2EC857B1F83F1240093F009 /* SpicyHero */ = {
			isa = PBXGroup;
			children = (
				9C03A2411F9A33DD008F191A /* EntityManager.swift */,
				9CFDF86E1F9A36C6009385A7 /* Entities */,
				D2E0A8961F993B4800FCC255 /* Components */,
				9CFDF86D1F9A34E5009385A7 /* Utils */,
				D2EC85901F83F6D60093F009 /* iOSControls */,
				9C6D3DEA1F93252500B8FA2A /* Game.scnassets */,
				D2EC85851F83F1240093F009 /* Assets.xcassets */,
				D25AD5AB1F87EAC800F2093E /* GameController.swift */,
				D2EC857C1F83F1240093F009 /* AppDelegate.swift */,
				D2EC85801F83F1240093F009 /* GameViewController.swift */,
				D2EC85821F83F1240093F009 /* Main.storyboard */,
				D2EC85871F83F1240093F009 /* LaunchScreen.storyboard */,
				D2EC858A1F83F1240093F009 /* Info.plist */,
				D23270981F8D5C5000BEA2BA /* overlay.sks */,
			);
			path = SpicyHero;
			sourceTree = "<group>";
		};
		D2EC85901F83F6D60093F009 /* iOSControls */ = {
			isa = PBXGroup;
			children = (
				D25AD5A91F87E96A00F2093E /* Overlay.swift */,
				D25AD5A51F87E1B100F2093E /* PadOverlay.swift */,
				D207CFC41F8EA2D10084240E /* Dpad.swift */,
				D207CFC61F8EA5370084240E /* Stick.swift */,
			);
			path = iOSControls;
			sourceTree = "<group>";
		};
/* End PBXGroup section */

/* Begin PBXNativeTarget section */
		D2EC85781F83F1240093F009 /* SpicyHero */ = {
			isa = PBXNativeTarget;
			buildConfigurationList = D2EC858D1F83F1240093F009 /* Build configuration list for PBXNativeTarget "SpicyHero" */;
			buildPhases = (
				D2EC85751F83F1240093F009 /* Sources */,
				D2EC85761F83F1240093F009 /* Frameworks */,
				D2EC85771F83F1240093F009 /* Resources */,
			);
			buildRules = (
			);
			dependencies = (
			);
			name = SpicyHero;
			productName = SpicyHero;
			productReference = D2EC85791F83F1240093F009 /* SpicyHero.app */;
			productType = "com.apple.product-type.application";
		};
/* End PBXNativeTarget section */

/* Begin PBXProject section */
		D2EC85711F83F1240093F009 /* Project object */ = {
			isa = PBXProject;
			attributes = {
				LastSwiftUpdateCheck = 0900;
				LastUpgradeCheck = 0900;
				ORGANIZATIONNAME = "Valmir Junior";
				TargetAttributes = {
					D2EC85781F83F1240093F009 = {
						CreatedOnToolsVersion = 9.0;
						ProvisioningStyle = Automatic;
					};
				};
			};
			buildConfigurationList = D2EC85741F83F1240093F009 /* Build configuration list for PBXProject "SpicyHero" */;
			compatibilityVersion = "Xcode 8.0";
			developmentRegion = en;
			hasScannedForEncodings = 0;
			knownRegions = (
				en,
				Base,
			);
			mainGroup = D2EC85701F83F1240093F009;
			productRefGroup = D2EC857A1F83F1240093F009 /* Products */;
			projectDirPath = "";
			projectRoot = "";
			targets = (
				D2EC85781F83F1240093F009 /* SpicyHero */,
			);
		};
/* End PBXProject section */

/* Begin PBXResourcesBuildPhase section */
		D2EC85771F83F1240093F009 /* Resources */ = {
			isa = PBXResourcesBuildPhase;
			buildActionMask = 2147483647;
			files = (
				D2EC85891F83F1240093F009 /* LaunchScreen.storyboard in Resources */,
				D23270991F8D5C5000BEA2BA /* overlay.sks in Resources */,
				9C6D3DEB1F93252A00B8FA2A /* Game.scnassets in Resources */,
				D2EC85861F83F1240093F009 /* Assets.xcassets in Resources */,
				D2EC85841F83F1240093F009 /* Main.storyboard in Resources */,
			);
			runOnlyForDeploymentPostprocessing = 0;
		};
/* End PBXResourcesBuildPhase section */

/* Begin PBXSourcesBuildPhase section */
		D2EC85751F83F1240093F009 /* Sources */ = {
			isa = PBXSourcesBuildPhase;
			buildActionMask = 2147483647;
			files = (
				D2863F221FA14761004CCCDC /* JumpingMoveState.swift in Sources */,
				D2EC85811F83F1240093F009 /* GameViewController.swift in Sources */,
				D25AD5AC1F87EAC900F2093E /* GameController.swift in Sources */,
				D25160EC1F940ACF00BF756A /* StandingState.swift in Sources */,
				D2E0A8981F993B5D00FCC255 /* JumpComponent.swift in Sources */,
				D25AD5AE1F87ECF900F2093E /* Character.swift in Sources */,
				D207CFC71F8EA5370084240E /* Stick.swift in Sources */,
				9C1B82A11FA0D09800173FF3 /* TrigonometryLib.swift in Sources */,
				9C03A2421F9A33DD008F191A /* EntityManager.swift in Sources */,
				9C1B829F1F9FADD300173FF3 /* ModelComponent.swift in Sources */,
				D2F53D751F9A88FF00422F24 /* WalkingState.swift in Sources */,
				D2EC857D1F83F1240093F009 /* AppDelegate.swift in Sources */,
				D291BB541F8E976A00B2D111 /* SimdExtensions.swift in Sources */,
				D25AD5A61F87E1B100F2093E /* PadOverlay.swift in Sources */,
				D25160E81F93FB7F00BF756A /* RunningState.swift in Sources */,
				9C1B829D1F9E2FD300173FF3 /* SeekComponent.swift in Sources */,
				D25160EA1F94063400BF756A /* SCNAnimationPlayer + Load Animation.swift in Sources */,
				D25160E51F93FA3400BF756A /* BaseState.swift in Sources */,
				D207CFC51F8EA2D10084240E /* Dpad.swift in Sources */,
				D2719D901FA0EBDA00FCB61F /* AnimationType.swift in Sources */,
				D25160EE1F940B0C00BF756A /* JumpingState.swift in Sources */,
				9CFDF8701F9A36F7009385A7 /* PotatoEntity.swift in Sources */,
				D25AD5AA1F87E96A00F2093E /* Overlay.swift in Sources */,
			);
			runOnlyForDeploymentPostprocessing = 0;
		};
/* End PBXSourcesBuildPhase section */

/* Begin PBXVariantGroup section */
		D2EC85821F83F1240093F009 /* Main.storyboard */ = {
			isa = PBXVariantGroup;
			children = (
				D2EC85831F83F1240093F009 /* Base */,
			);
			name = Main.storyboard;
			sourceTree = "<group>";
		};
		D2EC85871F83F1240093F009 /* LaunchScreen.storyboard */ = {
			isa = PBXVariantGroup;
			children = (
				D2EC85881F83F1240093F009 /* Base */,
			);
			name = LaunchScreen.storyboard;
			sourceTree = "<group>";
		};
/* End PBXVariantGroup section */

/* Begin XCBuildConfiguration section */
		D2EC858B1F83F1240093F009 /* Debug */ = {
			isa = XCBuildConfiguration;
			buildSettings = {
				ALWAYS_SEARCH_USER_PATHS = NO;
				CLANG_ANALYZER_NONNULL = YES;
				CLANG_ANALYZER_NUMBER_OBJECT_CONVERSION = YES_AGGRESSIVE;
				CLANG_CXX_LANGUAGE_STANDARD = "gnu++14";
				CLANG_CXX_LIBRARY = "libc++";
				CLANG_ENABLE_MODULES = YES;
				CLANG_ENABLE_OBJC_ARC = YES;
				CLANG_WARN_BLOCK_CAPTURE_AUTORELEASING = YES;
				CLANG_WARN_BOOL_CONVERSION = YES;
				CLANG_WARN_COMMA = YES;
				CLANG_WARN_CONSTANT_CONVERSION = YES;
				CLANG_WARN_DIRECT_OBJC_ISA_USAGE = YES_ERROR;
				CLANG_WARN_DOCUMENTATION_COMMENTS = YES;
				CLANG_WARN_EMPTY_BODY = YES;
				CLANG_WARN_ENUM_CONVERSION = YES;
				CLANG_WARN_INFINITE_RECURSION = YES;
				CLANG_WARN_INT_CONVERSION = YES;
				CLANG_WARN_NON_LITERAL_NULL_CONVERSION = YES;
				CLANG_WARN_OBJC_LITERAL_CONVERSION = YES;
				CLANG_WARN_OBJC_ROOT_CLASS = YES_ERROR;
				CLANG_WARN_RANGE_LOOP_ANALYSIS = YES;
				CLANG_WARN_STRICT_PROTOTYPES = YES;
				CLANG_WARN_SUSPICIOUS_MOVE = YES;
				CLANG_WARN_UNGUARDED_AVAILABILITY = YES_AGGRESSIVE;
				CLANG_WARN_UNREACHABLE_CODE = YES;
				CLANG_WARN__DUPLICATE_METHOD_MATCH = YES;
				CODE_SIGN_IDENTITY = "iPhone Developer";
				COPY_PHASE_STRIP = NO;
				DEBUG_INFORMATION_FORMAT = dwarf;
				ENABLE_STRICT_OBJC_MSGSEND = YES;
				ENABLE_TESTABILITY = YES;
				GCC_C_LANGUAGE_STANDARD = gnu11;
				GCC_DYNAMIC_NO_PIC = NO;
				GCC_NO_COMMON_BLOCKS = YES;
				GCC_OPTIMIZATION_LEVEL = 0;
				GCC_PREPROCESSOR_DEFINITIONS = (
					"DEBUG=1",
					"$(inherited)",
				);
				GCC_WARN_64_TO_32_BIT_CONVERSION = YES;
				GCC_WARN_ABOUT_RETURN_TYPE = YES_ERROR;
				GCC_WARN_UNDECLARED_SELECTOR = YES;
				GCC_WARN_UNINITIALIZED_AUTOS = YES_AGGRESSIVE;
				GCC_WARN_UNUSED_FUNCTION = YES;
				GCC_WARN_UNUSED_VARIABLE = YES;
				IPHONEOS_DEPLOYMENT_TARGET = 11.0;
				MTL_ENABLE_DEBUG_INFO = YES;
				ONLY_ACTIVE_ARCH = YES;
				SDKROOT = iphoneos;
				SWIFT_ACTIVE_COMPILATION_CONDITIONS = DEBUG;
				SWIFT_OPTIMIZATION_LEVEL = "-Onone";
			};
			name = Debug;
		};
		D2EC858C1F83F1240093F009 /* Release */ = {
			isa = XCBuildConfiguration;
			buildSettings = {
				ALWAYS_SEARCH_USER_PATHS = NO;
				CLANG_ANALYZER_NONNULL = YES;
				CLANG_ANALYZER_NUMBER_OBJECT_CONVERSION = YES_AGGRESSIVE;
				CLANG_CXX_LANGUAGE_STANDARD = "gnu++14";
				CLANG_CXX_LIBRARY = "libc++";
				CLANG_ENABLE_MODULES = YES;
				CLANG_ENABLE_OBJC_ARC = YES;
				CLANG_WARN_BLOCK_CAPTURE_AUTORELEASING = YES;
				CLANG_WARN_BOOL_CONVERSION = YES;
				CLANG_WARN_COMMA = YES;
				CLANG_WARN_CONSTANT_CONVERSION = YES;
				CLANG_WARN_DIRECT_OBJC_ISA_USAGE = YES_ERROR;
				CLANG_WARN_DOCUMENTATION_COMMENTS = YES;
				CLANG_WARN_EMPTY_BODY = YES;
				CLANG_WARN_ENUM_CONVERSION = YES;
				CLANG_WARN_INFINITE_RECURSION = YES;
				CLANG_WARN_INT_CONVERSION = YES;
				CLANG_WARN_NON_LITERAL_NULL_CONVERSION = YES;
				CLANG_WARN_OBJC_LITERAL_CONVERSION = YES;
				CLANG_WARN_OBJC_ROOT_CLASS = YES_ERROR;
				CLANG_WARN_RANGE_LOOP_ANALYSIS = YES;
				CLANG_WARN_STRICT_PROTOTYPES = YES;
				CLANG_WARN_SUSPICIOUS_MOVE = YES;
				CLANG_WARN_UNGUARDED_AVAILABILITY = YES_AGGRESSIVE;
				CLANG_WARN_UNREACHABLE_CODE = YES;
				CLANG_WARN__DUPLICATE_METHOD_MATCH = YES;
				CODE_SIGN_IDENTITY = "iPhone Developer";
				COPY_PHASE_STRIP = NO;
				DEBUG_INFORMATION_FORMAT = "dwarf-with-dsym";
				ENABLE_NS_ASSERTIONS = NO;
				ENABLE_STRICT_OBJC_MSGSEND = YES;
				GCC_C_LANGUAGE_STANDARD = gnu11;
				GCC_NO_COMMON_BLOCKS = YES;
				GCC_WARN_64_TO_32_BIT_CONVERSION = YES;
				GCC_WARN_ABOUT_RETURN_TYPE = YES_ERROR;
				GCC_WARN_UNDECLARED_SELECTOR = YES;
				GCC_WARN_UNINITIALIZED_AUTOS = YES_AGGRESSIVE;
				GCC_WARN_UNUSED_FUNCTION = YES;
				GCC_WARN_UNUSED_VARIABLE = YES;
				IPHONEOS_DEPLOYMENT_TARGET = 11.0;
				MTL_ENABLE_DEBUG_INFO = NO;
				SDKROOT = iphoneos;
				SWIFT_OPTIMIZATION_LEVEL = "-Owholemodule";
				VALIDATE_PRODUCT = YES;
			};
			name = Release;
		};
		D2EC858E1F83F1240093F009 /* Debug */ = {
			isa = XCBuildConfiguration;
			buildSettings = {
				ASSETCATALOG_COMPILER_APPICON_NAME = AppIcon;
				CODE_SIGN_STYLE = Automatic;
				DEVELOPMENT_TEAM = "";
				INFOPLIST_FILE = SpicyHero/Info.plist;
				LD_RUNPATH_SEARCH_PATHS = "$(inherited) @executable_path/Frameworks";
				PRODUCT_BUNDLE_IDENTIFIER = com.vrmassoni.SpicyHero;
				PRODUCT_NAME = "$(TARGET_NAME)";
				SWIFT_VERSION = 4.0;
				TARGETED_DEVICE_FAMILY = "1,2";
			};
			name = Debug;
		};
		D2EC858F1F83F1240093F009 /* Release */ = {
			isa = XCBuildConfiguration;
			buildSettings = {
				ASSETCATALOG_COMPILER_APPICON_NAME = AppIcon;
				CODE_SIGN_STYLE = Automatic;
				DEVELOPMENT_TEAM = "";
				INFOPLIST_FILE = SpicyHero/Info.plist;
				LD_RUNPATH_SEARCH_PATHS = "$(inherited) @executable_path/Frameworks";
				PRODUCT_BUNDLE_IDENTIFIER = com.vrmassoni.SpicyHero;
				PRODUCT_NAME = "$(TARGET_NAME)";
				SWIFT_VERSION = 4.0;
				TARGETED_DEVICE_FAMILY = "1,2";
			};
			name = Release;
		};
/* End XCBuildConfiguration section */

/* Begin XCConfigurationList section */
		D2EC85741F83F1240093F009 /* Build configuration list for PBXProject "SpicyHero" */ = {
			isa = XCConfigurationList;
			buildConfigurations = (
				D2EC858B1F83F1240093F009 /* Debug */,
				D2EC858C1F83F1240093F009 /* Release */,
			);
			defaultConfigurationIsVisible = 0;
			defaultConfigurationName = Release;
		};
		D2EC858D1F83F1240093F009 /* Build configuration list for PBXNativeTarget "SpicyHero" */ = {
			isa = XCConfigurationList;
			buildConfigurations = (
				D2EC858E1F83F1240093F009 /* Debug */,
				D2EC858F1F83F1240093F009 /* Release */,
			);
			defaultConfigurationIsVisible = 0;
			defaultConfigurationName = Release;
		};
/* End XCConfigurationList section */
	};
	rootObject = D2EC85711F83F1240093F009 /* Project object */;
}
