// !$*UTF8*$!
{
	archiveVersion = 1;
	classes = {
	};
	objectVersion = 48;
	objects = {

/* Begin PBXBuildFile section */
		9C03A2421F9A33DD008F191A /* EntityManager.swift in Sources */ = {isa = PBXBuildFile; fileRef = 9C03A2411F9A33DD008F191A /* EntityManager.swift */; };
		9C1B829D1F9E2FD300173FF3 /* SeekComponent.swift in Sources */ = {isa = PBXBuildFile; fileRef = 9C1B829C1F9E2FD300173FF3 /* SeekComponent.swift */; };
		9C1B829F1F9FADD300173FF3 /* ModelComponent.swift in Sources */ = {isa = PBXBuildFile; fileRef = 9C1B829E1F9FADD300173FF3 /* ModelComponent.swift */; };
		9C1B82A11FA0D09800173FF3 /* TrigonometryLib.swift in Sources */ = {isa = PBXBuildFile; fileRef = 9C1B82A01FA0D09600173FF3 /* TrigonometryLib.swift */; };
		9C4806811FC88A2700168571 /* SinkComponent.swift in Sources */ = {isa = PBXBuildFile; fileRef = 9C4806801FC88A2700168571 /* SinkComponent.swift */; };
		9C4A65731FA67ED700293460 /* PotatoGeneratorSystem.swift in Sources */ = {isa = PBXBuildFile; fileRef = 9C4A65721FA67ED700293460 /* PotatoGeneratorSystem.swift */; };
		9C6D3DEB1F93252A00B8FA2A /* Game.scnassets in Resources */ = {isa = PBXBuildFile; fileRef = 9C6D3DEA1F93252500B8FA2A /* Game.scnassets */; };
		9CE0FF431FC765B9004AF735 /* SoundController.swift in Sources */ = {isa = PBXBuildFile; fileRef = 9CE0FF421FC765B9004AF735 /* SoundController.swift */; };
		9CE0FF451FC773D3004AF735 /* immigrantSong.mp3 in Resources */ = {isa = PBXBuildFile; fileRef = 9CE0FF441FC773D3004AF735 /* immigrantSong.mp3 */; };
		9CE0FF491FC854B2004AF735 /* splashingWater.wav in Resources */ = {isa = PBXBuildFile; fileRef = 9CE0FF481FC854B1004AF735 /* splashingWater.wav */; };
		9CE0FF4B1FC85B67004AF735 /* SinkingInWaterComponent.swift in Sources */ = {isa = PBXBuildFile; fileRef = 9CE0FF4A1FC85B67004AF735 /* SinkingInWaterComponent.swift */; };
		9CFDF8701F9A36F7009385A7 /* PotatoEntity.swift in Sources */ = {isa = PBXBuildFile; fileRef = 9CFDF86F1F9A36F7009385A7 /* PotatoEntity.swift */; };
		B0465F0D1FC444A2002B8FE8 /* SoundRandomComponent.swift in Sources */ = {isa = PBXBuildFile; fileRef = B0465F0B1FC444A1002B8FE8 /* SoundRandomComponent.swift */; };
		B08B911F1FC4CABD00304E46 /* gameBackground.mp3 in Resources */ = {isa = PBXBuildFile; fileRef = B08B911D1FC4CABD00304E46 /* gameBackground.mp3 */; };
		B08B91211FC4CCBE00304E46 /* SoundDistanceComponent.swift in Sources */ = {isa = PBXBuildFile; fileRef = B08B91201FC4CCBE00304E46 /* SoundDistanceComponent.swift */; };
		B0FDBAE91FA9F35600D4B08D /* pixelate.metal in Sources */ = {isa = PBXBuildFile; fileRef = B0FDBAE01FA9F35600D4B08D /* pixelate.metal */; };
		B0FDBAEB1FA9F35600D4B08D /* lines.fsh in Resources */ = {isa = PBXBuildFile; fileRef = B0FDBAE21FA9F35600D4B08D /* lines.fsh */; };
		B0FDBAEC1FA9F35600D4B08D /* prep.vsh in Resources */ = {isa = PBXBuildFile; fileRef = B0FDBAE31FA9F35600D4B08D /* prep.vsh */; };
		B0FDBAED1FA9F35600D4B08D /* lines.vsh in Resources */ = {isa = PBXBuildFile; fileRef = B0FDBAE41FA9F35600D4B08D /* lines.vsh */; };
		B0FDBAEF1FA9F35600D4B08D /* prep.fsh in Resources */ = {isa = PBXBuildFile; fileRef = B0FDBAE61FA9F35600D4B08D /* prep.fsh */; };
		B0FDBAF01FA9F35600D4B08D /* toon.metal in Sources */ = {isa = PBXBuildFile; fileRef = B0FDBAE71FA9F35600D4B08D /* toon.metal */; };
		D201088D1FBE11D9007660E3 /* ControlsOverlay.sks in Resources */ = {isa = PBXBuildFile; fileRef = D20108851FBE11D8007660E3 /* ControlsOverlay.sks */; };
		D201088E1FBE11D9007660E3 /* PauseOverlay.sks in Resources */ = {isa = PBXBuildFile; fileRef = D20108861FBE11D9007660E3 /* PauseOverlay.sks */; };
		D201088F1FBE11D9007660E3 /* ControlsOverlay.swift in Sources */ = {isa = PBXBuildFile; fileRef = D20108871FBE11D9007660E3 /* ControlsOverlay.swift */; };
		D20108901FBE11D9007660E3 /* GameOverOverlay.swift in Sources */ = {isa = PBXBuildFile; fileRef = D20108881FBE11D9007660E3 /* GameOverOverlay.swift */; };
		D20108911FBE11D9007660E3 /* StartOverlay.sks in Resources */ = {isa = PBXBuildFile; fileRef = D20108891FBE11D9007660E3 /* StartOverlay.sks */; };
		D20108921FBE11D9007660E3 /* PauseOverlay.swift in Sources */ = {isa = PBXBuildFile; fileRef = D201088A1FBE11D9007660E3 /* PauseOverlay.swift */; };
		D20108931FBE11D9007660E3 /* GameOverOverlay.sks in Resources */ = {isa = PBXBuildFile; fileRef = D201088B1FBE11D9007660E3 /* GameOverOverlay.sks */; };
		D20108941FBE11D9007660E3 /* StartOverlay.swift in Sources */ = {isa = PBXBuildFile; fileRef = D201088C1FBE11D9007660E3 /* StartOverlay.swift */; };
		D20108961FBE11FC007660E3 /* FinishOverlay.sks in Resources */ = {isa = PBXBuildFile; fileRef = D20108951FBE11FC007660E3 /* FinishOverlay.sks */; };
		D207CFC51F8EA2D10084240E /* Dpad.swift in Sources */ = {isa = PBXBuildFile; fileRef = D207CFC41F8EA2D10084240E /* Dpad.swift */; };
		D207CFC71F8EA5370084240E /* Stick.swift in Sources */ = {isa = PBXBuildFile; fileRef = D207CFC61F8EA5370084240E /* Stick.swift */; };
		D25160E51F93FA3400BF756A /* BaseState.swift in Sources */ = {isa = PBXBuildFile; fileRef = D25160E41F93FA3400BF756A /* BaseState.swift */; };
		D25160E81F93FB7F00BF756A /* RunningState.swift in Sources */ = {isa = PBXBuildFile; fileRef = D25160E71F93FB7F00BF756A /* RunningState.swift */; };
		D25160EA1F94063400BF756A /* SCNAnimationPlayer + Load Animation.swift in Sources */ = {isa = PBXBuildFile; fileRef = D25160E91F94063400BF756A /* SCNAnimationPlayer + Load Animation.swift */; };
		D25160EC1F940ACF00BF756A /* StandingState.swift in Sources */ = {isa = PBXBuildFile; fileRef = D25160EB1F940ACF00BF756A /* StandingState.swift */; };
		D25160EE1F940B0C00BF756A /* JumpingState.swift in Sources */ = {isa = PBXBuildFile; fileRef = D25160ED1F940B0C00BF756A /* JumpingState.swift */; };
		D25AD5A61F87E1B100F2093E /* PadOverlay.swift in Sources */ = {isa = PBXBuildFile; fileRef = D25AD5A51F87E1B100F2093E /* PadOverlay.swift */; };
		D25AD5AE1F87ECF900F2093E /* Character.swift in Sources */ = {isa = PBXBuildFile; fileRef = D25AD5AD1F87ECF900F2093E /* Character.swift */; };
		D25AD5B11F8809DE00F2093E /* SceneKit.framework in Frameworks */ = {isa = PBXBuildFile; fileRef = D25AD5B01F8809DE00F2093E /* SceneKit.framework */; };
		D25AD5B31F8809E500F2093E /* GameKit.framework in Frameworks */ = {isa = PBXBuildFile; fileRef = D25AD5B21F8809E500F2093E /* GameKit.framework */; };
		D25BAE221FC60443000ED0EC /* SettingsOverlay.sks in Resources */ = {isa = PBXBuildFile; fileRef = D25BAE211FC60443000ED0EC /* SettingsOverlay.sks */; };
		D25BAE261FC60864000ED0EC /* SettingsOverlay.swift in Sources */ = {isa = PBXBuildFile; fileRef = D25BAE251FC60864000ED0EC /* SettingsOverlay.swift */; };
		D25BAE281FC60C0F000ED0EC /* SettingsController.swift in Sources */ = {isa = PBXBuildFile; fileRef = D25BAE271FC60C0F000ED0EC /* SettingsController.swift */; };
		D26FCCFE1FC88640003EBFDF /* jump.wav in Resources */ = {isa = PBXBuildFile; fileRef = D26FCCFD1FC88640003EBFDF /* jump.wav */; };
		D2719D901FA0EBDA00FCB61F /* AnimationType.swift in Sources */ = {isa = PBXBuildFile; fileRef = D2719D8F1FA0EBDA00FCB61F /* AnimationType.swift */; };
		D28623B51FA3AF5F00691E83 /* GameBaseState.swift in Sources */ = {isa = PBXBuildFile; fileRef = D28623B41FA3AF5F00691E83 /* GameBaseState.swift */; };
		D28623B71FA3AFB600691E83 /* PauseState.swift in Sources */ = {isa = PBXBuildFile; fileRef = D28623B61FA3AFB600691E83 /* PauseState.swift */; };
		D28623B91FA3B00200691E83 /* PlayState.swift in Sources */ = {isa = PBXBuildFile; fileRef = D28623B81FA3B00200691E83 /* PlayState.swift */; };
		D2863F221FA14761004CCCDC /* JumpingMoveState.swift in Sources */ = {isa = PBXBuildFile; fileRef = D2863F211FA14761004CCCDC /* JumpingMoveState.swift */; };
		D291BB541F8E976A00B2D111 /* SimdExtensions.swift in Sources */ = {isa = PBXBuildFile; fileRef = D291BB531F8E976A00B2D111 /* SimdExtensions.swift */; };
		D2B8BBB81FBB64D70042F873 /* Burrito.TTF in Resources */ = {isa = PBXBuildFile; fileRef = D2B8BBB71FBB64D70042F873 /* Burrito.TTF */; };
		D2DDAD521FBA2913009FA2B0 /* GameOptions.swift in Sources */ = {isa = PBXBuildFile; fileRef = D2DDAD511FBA2913009FA2B0 /* GameOptions.swift */; };
		D2E0A8981F993B5D00FCC255 /* JumpComponent.swift in Sources */ = {isa = PBXBuildFile; fileRef = D2E0A8971F993B5D00FCC255 /* JumpComponent.swift */; };
		D2E594B21FC758880050D5D5 /* GameController.swift in Sources */ = {isa = PBXBuildFile; fileRef = D25AD5AB1F87EAC800F2093E /* GameController.swift */; };
		D2EC857D1F83F1240093F009 /* AppDelegate.swift in Sources */ = {isa = PBXBuildFile; fileRef = D2EC857C1F83F1240093F009 /* AppDelegate.swift */; };
		D2EC85811F83F1240093F009 /* GameViewController.swift in Sources */ = {isa = PBXBuildFile; fileRef = D2EC85801F83F1240093F009 /* GameViewController.swift */; };
		D2EC85841F83F1240093F009 /* Main.storyboard in Resources */ = {isa = PBXBuildFile; fileRef = D2EC85821F83F1240093F009 /* Main.storyboard */; };
		D2EC85861F83F1240093F009 /* Assets.xcassets in Resources */ = {isa = PBXBuildFile; fileRef = D2EC85851F83F1240093F009 /* Assets.xcassets */; };
		D2EC85891F83F1240093F009 /* LaunchScreen.storyboard in Resources */ = {isa = PBXBuildFile; fileRef = D2EC85871F83F1240093F009 /* LaunchScreen.storyboard */; };
		D2F53D751F9A88FF00422F24 /* WalkingState.swift in Sources */ = {isa = PBXBuildFile; fileRef = D2F53D741F9A88FF00422F24 /* WalkingState.swift */; };
/* End PBXBuildFile section */

/* Begin PBXFileReference section */
		9C03A2411F9A33DD008F191A /* EntityManager.swift */ = {isa = PBXFileReference; lastKnownFileType = sourcecode.swift; path = EntityManager.swift; sourceTree = "<group>"; };
		9C1B829C1F9E2FD300173FF3 /* SeekComponent.swift */ = {isa = PBXFileReference; lastKnownFileType = sourcecode.swift; path = SeekComponent.swift; sourceTree = "<group>"; };
		9C1B829E1F9FADD300173FF3 /* ModelComponent.swift */ = {isa = PBXFileReference; lastKnownFileType = sourcecode.swift; path = ModelComponent.swift; sourceTree = "<group>"; };
		9C1B82A01FA0D09600173FF3 /* TrigonometryLib.swift */ = {isa = PBXFileReference; lastKnownFileType = sourcecode.swift; path = TrigonometryLib.swift; sourceTree = "<group>"; };
		9C4806801FC88A2700168571 /* SinkComponent.swift */ = {isa = PBXFileReference; lastKnownFileType = sourcecode.swift; path = SinkComponent.swift; sourceTree = "<group>"; };
		9C4A65721FA67ED700293460 /* PotatoGeneratorSystem.swift */ = {isa = PBXFileReference; lastKnownFileType = sourcecode.swift; path = PotatoGeneratorSystem.swift; sourceTree = "<group>"; };
		9C6D3DEA1F93252500B8FA2A /* Game.scnassets */ = {isa = PBXFileReference; lastKnownFileType = wrapper.scnassets; path = Game.scnassets; sourceTree = "<group>"; };
		9CE0FF421FC765B9004AF735 /* SoundController.swift */ = {isa = PBXFileReference; fileEncoding = 4; lastKnownFileType = sourcecode.swift; path = SoundController.swift; sourceTree = "<group>"; };
		9CE0FF441FC773D3004AF735 /* immigrantSong.mp3 */ = {isa = PBXFileReference; lastKnownFileType = audio.mp3; path = immigrantSong.mp3; sourceTree = "<group>"; };
		9CE0FF481FC854B1004AF735 /* splashingWater.wav */ = {isa = PBXFileReference; lastKnownFileType = audio.wav; path = splashingWater.wav; sourceTree = "<group>"; };
		9CE0FF4A1FC85B67004AF735 /* SinkingInWaterComponent.swift */ = {isa = PBXFileReference; lastKnownFileType = sourcecode.swift; path = SinkingInWaterComponent.swift; sourceTree = "<group>"; };
		9CFDF86F1F9A36F7009385A7 /* PotatoEntity.swift */ = {isa = PBXFileReference; lastKnownFileType = sourcecode.swift; path = PotatoEntity.swift; sourceTree = "<group>"; };
		B0465F0B1FC444A1002B8FE8 /* SoundRandomComponent.swift */ = {isa = PBXFileReference; fileEncoding = 4; lastKnownFileType = sourcecode.swift; path = SoundRandomComponent.swift; sourceTree = "<group>"; };
		B08B911D1FC4CABD00304E46 /* gameBackground.mp3 */ = {isa = PBXFileReference; lastKnownFileType = audio.mp3; path = gameBackground.mp3; sourceTree = "<group>"; };
		B08B91201FC4CCBE00304E46 /* SoundDistanceComponent.swift */ = {isa = PBXFileReference; lastKnownFileType = sourcecode.swift; path = SoundDistanceComponent.swift; sourceTree = "<group>"; };
		B0FDBAE01FA9F35600D4B08D /* pixelate.metal */ = {isa = PBXFileReference; fileEncoding = 4; lastKnownFileType = sourcecode.metal; name = pixelate.metal; path = PepperJourney/Shaders/pixelate.metal; sourceTree = SOURCE_ROOT; };
		B0FDBAE21FA9F35600D4B08D /* lines.fsh */ = {isa = PBXFileReference; fileEncoding = 4; lastKnownFileType = sourcecode.glsl; name = lines.fsh; path = PepperJourney/Shaders/lines.fsh; sourceTree = SOURCE_ROOT; };
		B0FDBAE31FA9F35600D4B08D /* prep.vsh */ = {isa = PBXFileReference; fileEncoding = 4; lastKnownFileType = sourcecode.glsl; name = prep.vsh; path = PepperJourney/Shaders/prep.vsh; sourceTree = SOURCE_ROOT; };
		B0FDBAE41FA9F35600D4B08D /* lines.vsh */ = {isa = PBXFileReference; fileEncoding = 4; lastKnownFileType = sourcecode.glsl; name = lines.vsh; path = PepperJourney/Shaders/lines.vsh; sourceTree = SOURCE_ROOT; };
		B0FDBAE61FA9F35600D4B08D /* prep.fsh */ = {isa = PBXFileReference; fileEncoding = 4; lastKnownFileType = sourcecode.glsl; name = prep.fsh; path = PepperJourney/Shaders/prep.fsh; sourceTree = SOURCE_ROOT; };
		B0FDBAE71FA9F35600D4B08D /* toon.metal */ = {isa = PBXFileReference; fileEncoding = 4; lastKnownFileType = sourcecode.metal; name = toon.metal; path = PepperJourney/Shaders/toon.metal; sourceTree = SOURCE_ROOT; };
		D20108851FBE11D8007660E3 /* ControlsOverlay.sks */ = {isa = PBXFileReference; lastKnownFileType = file.sks; name = ControlsOverlay.sks; path = PepperJourney/Overlays/ControlsOverlay.sks; sourceTree = SOURCE_ROOT; };
		D20108861FBE11D9007660E3 /* PauseOverlay.sks */ = {isa = PBXFileReference; lastKnownFileType = file.sks; name = PauseOverlay.sks; path = PepperJourney/Overlays/PauseOverlay.sks; sourceTree = SOURCE_ROOT; };
		D20108871FBE11D9007660E3 /* ControlsOverlay.swift */ = {isa = PBXFileReference; fileEncoding = 4; lastKnownFileType = sourcecode.swift; name = ControlsOverlay.swift; path = PepperJourney/Overlays/ControlsOverlay.swift; sourceTree = SOURCE_ROOT; };
		D20108881FBE11D9007660E3 /* GameOverOverlay.swift */ = {isa = PBXFileReference; fileEncoding = 4; lastKnownFileType = sourcecode.swift; name = GameOverOverlay.swift; path = PepperJourney/Overlays/GameOverOverlay.swift; sourceTree = SOURCE_ROOT; };
		D20108891FBE11D9007660E3 /* StartOverlay.sks */ = {isa = PBXFileReference; lastKnownFileType = file.sks; name = StartOverlay.sks; path = PepperJourney/Overlays/StartOverlay.sks; sourceTree = SOURCE_ROOT; };
		D201088A1FBE11D9007660E3 /* PauseOverlay.swift */ = {isa = PBXFileReference; fileEncoding = 4; lastKnownFileType = sourcecode.swift; name = PauseOverlay.swift; path = PepperJourney/Overlays/PauseOverlay.swift; sourceTree = SOURCE_ROOT; };
		D201088B1FBE11D9007660E3 /* GameOverOverlay.sks */ = {isa = PBXFileReference; lastKnownFileType = file.sks; name = GameOverOverlay.sks; path = PepperJourney/Overlays/GameOverOverlay.sks; sourceTree = SOURCE_ROOT; };
		D201088C1FBE11D9007660E3 /* StartOverlay.swift */ = {isa = PBXFileReference; fileEncoding = 4; lastKnownFileType = sourcecode.swift; name = StartOverlay.swift; path = PepperJourney/Overlays/StartOverlay.swift; sourceTree = SOURCE_ROOT; };
		D20108951FBE11FC007660E3 /* FinishOverlay.sks */ = {isa = PBXFileReference; lastKnownFileType = file.sks; name = FinishOverlay.sks; path = PepperJourney/Overlays/FinishOverlay.sks; sourceTree = SOURCE_ROOT; };
		D207CFC41F8EA2D10084240E /* Dpad.swift */ = {isa = PBXFileReference; lastKnownFileType = sourcecode.swift; path = Dpad.swift; sourceTree = "<group>"; };
		D207CFC61F8EA5370084240E /* Stick.swift */ = {isa = PBXFileReference; lastKnownFileType = sourcecode.swift; path = Stick.swift; sourceTree = "<group>"; };
		D25160E41F93FA3400BF756A /* BaseState.swift */ = {isa = PBXFileReference; lastKnownFileType = sourcecode.swift; path = BaseState.swift; sourceTree = "<group>"; };
		D25160E71F93FB7F00BF756A /* RunningState.swift */ = {isa = PBXFileReference; lastKnownFileType = sourcecode.swift; path = RunningState.swift; sourceTree = "<group>"; };
		D25160E91F94063400BF756A /* SCNAnimationPlayer + Load Animation.swift */ = {isa = PBXFileReference; lastKnownFileType = sourcecode.swift; path = "SCNAnimationPlayer + Load Animation.swift"; sourceTree = "<group>"; };
		D25160EB1F940ACF00BF756A /* StandingState.swift */ = {isa = PBXFileReference; lastKnownFileType = sourcecode.swift; path = StandingState.swift; sourceTree = "<group>"; };
		D25160ED1F940B0C00BF756A /* JumpingState.swift */ = {isa = PBXFileReference; lastKnownFileType = sourcecode.swift; path = JumpingState.swift; sourceTree = "<group>"; };
		D25AD5A51F87E1B100F2093E /* PadOverlay.swift */ = {isa = PBXFileReference; lastKnownFileType = sourcecode.swift; path = PadOverlay.swift; sourceTree = "<group>"; };
		D25AD5AB1F87EAC800F2093E /* GameController.swift */ = {isa = PBXFileReference; lastKnownFileType = sourcecode.swift; path = GameController.swift; sourceTree = "<group>"; };
		D25AD5AD1F87ECF900F2093E /* Character.swift */ = {isa = PBXFileReference; lastKnownFileType = sourcecode.swift; path = Character.swift; sourceTree = "<group>"; };
		D25AD5B01F8809DE00F2093E /* SceneKit.framework */ = {isa = PBXFileReference; lastKnownFileType = wrapper.framework; name = SceneKit.framework; path = System/Library/Frameworks/SceneKit.framework; sourceTree = SDKROOT; };
		D25AD5B21F8809E500F2093E /* GameKit.framework */ = {isa = PBXFileReference; lastKnownFileType = wrapper.framework; name = GameKit.framework; path = System/Library/Frameworks/GameKit.framework; sourceTree = SDKROOT; };
		D25BAE211FC60443000ED0EC /* SettingsOverlay.sks */ = {isa = PBXFileReference; lastKnownFileType = file.sks; name = SettingsOverlay.sks; path = PepperJourney/Overlays/SettingsOverlay.sks; sourceTree = SOURCE_ROOT; };
		D25BAE251FC60864000ED0EC /* SettingsOverlay.swift */ = {isa = PBXFileReference; lastKnownFileType = sourcecode.swift; path = SettingsOverlay.swift; sourceTree = "<group>"; };
		D25BAE271FC60C0F000ED0EC /* SettingsController.swift */ = {isa = PBXFileReference; lastKnownFileType = sourcecode.swift; path = SettingsController.swift; sourceTree = "<group>"; };
		D26FCCFD1FC88640003EBFDF /* jump.wav */ = {isa = PBXFileReference; lastKnownFileType = audio.wav; path = jump.wav; sourceTree = "<group>"; };
		D2719D8F1FA0EBDA00FCB61F /* AnimationType.swift */ = {isa = PBXFileReference; lastKnownFileType = sourcecode.swift; path = AnimationType.swift; sourceTree = "<group>"; };
		D28623B41FA3AF5F00691E83 /* GameBaseState.swift */ = {isa = PBXFileReference; lastKnownFileType = sourcecode.swift; path = GameBaseState.swift; sourceTree = "<group>"; };
		D28623B61FA3AFB600691E83 /* PauseState.swift */ = {isa = PBXFileReference; lastKnownFileType = sourcecode.swift; path = PauseState.swift; sourceTree = "<group>"; };
		D28623B81FA3B00200691E83 /* PlayState.swift */ = {isa = PBXFileReference; lastKnownFileType = sourcecode.swift; path = PlayState.swift; sourceTree = "<group>"; };
		D2863F211FA14761004CCCDC /* JumpingMoveState.swift */ = {isa = PBXFileReference; lastKnownFileType = sourcecode.swift; path = JumpingMoveState.swift; sourceTree = "<group>"; };
		D291BB531F8E976A00B2D111 /* SimdExtensions.swift */ = {isa = PBXFileReference; lastKnownFileType = sourcecode.swift; path = SimdExtensions.swift; sourceTree = "<group>"; };
		D2B8BBB71FBB64D70042F873 /* Burrito.TTF */ = {isa = PBXFileReference; lastKnownFileType = file; path = Burrito.TTF; sourceTree = "<group>"; };
		D2DDAD511FBA2913009FA2B0 /* GameOptions.swift */ = {isa = PBXFileReference; lastKnownFileType = sourcecode.swift; path = GameOptions.swift; sourceTree = "<group>"; };
		D2E0A8971F993B5D00FCC255 /* JumpComponent.swift */ = {isa = PBXFileReference; lastKnownFileType = sourcecode.swift; path = JumpComponent.swift; sourceTree = "<group>"; };
		D2EC85791F83F1240093F009 /* PepperJourney.app */ = {isa = PBXFileReference; explicitFileType = wrapper.application; includeInIndex = 0; path = PepperJourney.app; sourceTree = BUILT_PRODUCTS_DIR; };
		D2EC857C1F83F1240093F009 /* AppDelegate.swift */ = {isa = PBXFileReference; lastKnownFileType = sourcecode.swift; path = AppDelegate.swift; sourceTree = "<group>"; };
		D2EC85801F83F1240093F009 /* GameViewController.swift */ = {isa = PBXFileReference; lastKnownFileType = sourcecode.swift; path = GameViewController.swift; sourceTree = "<group>"; };
		D2EC85831F83F1240093F009 /* Base */ = {isa = PBXFileReference; lastKnownFileType = file.storyboard; name = Base; path = Base.lproj/Main.storyboard; sourceTree = "<group>"; };
		D2EC85851F83F1240093F009 /* Assets.xcassets */ = {isa = PBXFileReference; lastKnownFileType = folder.assetcatalog; path = Assets.xcassets; sourceTree = "<group>"; };
		D2EC85881F83F1240093F009 /* Base */ = {isa = PBXFileReference; lastKnownFileType = file.storyboard; name = Base; path = Base.lproj/LaunchScreen.storyboard; sourceTree = "<group>"; };
		D2EC858A1F83F1240093F009 /* Info.plist */ = {isa = PBXFileReference; lastKnownFileType = text.plist.xml; path = Info.plist; sourceTree = "<group>"; };
		D2F53D741F9A88FF00422F24 /* WalkingState.swift */ = {isa = PBXFileReference; lastKnownFileType = sourcecode.swift; path = WalkingState.swift; sourceTree = "<group>"; };
/* End PBXFileReference section */

/* Begin PBXFrameworksBuildPhase section */
		D2EC85761F83F1240093F009 /* Frameworks */ = {
			isa = PBXFrameworksBuildPhase;
			buildActionMask = 2147483647;
			files = (
				D25AD5B31F8809E500F2093E /* GameKit.framework in Frameworks */,
				D25AD5B11F8809DE00F2093E /* SceneKit.framework in Frameworks */,
			);
			runOnlyForDeploymentPostprocessing = 0;
		};
/* End PBXFrameworksBuildPhase section */

/* Begin PBXGroup section */
		9CE0FF411FC7656E004AF735 /* Sounds */ = {
			isa = PBXGroup;
			children = (
				B0465F0B1FC444A1002B8FE8 /* SoundRandomComponent.swift */,
				B08B91201FC4CCBE00304E46 /* SoundDistanceComponent.swift */,
				9CE0FF4A1FC85B67004AF735 /* SinkingInWaterComponent.swift */,
			);
			path = Sounds;
			sourceTree = "<group>";
		};
		9CFDF86D1F9A34E5009385A7 /* Utils */ = {
			isa = PBXGroup;
			children = (
				D25160E91F94063400BF756A /* SCNAnimationPlayer + Load Animation.swift */,
				D291BB531F8E976A00B2D111 /* SimdExtensions.swift */,
				9C1B82A01FA0D09600173FF3 /* TrigonometryLib.swift */,
			);
			path = Utils;
			sourceTree = "<group>";
		};
		9CFDF86E1F9A36C6009385A7 /* Entities */ = {
			isa = PBXGroup;
			children = (
				D2719D8F1FA0EBDA00FCB61F /* AnimationType.swift */,
				D25160E31F93FA0800BF756A /* Character */,
				9CFDF86F1F9A36F7009385A7 /* PotatoEntity.swift */,
				9C4A65721FA67ED700293460 /* PotatoGeneratorSystem.swift */,
			);
			path = Entities;
			sourceTree = "<group>";
		};
		B0465F171FC4C743002B8FE8 /* Sounds */ = {
			isa = PBXGroup;
			children = (
				9CE0FF481FC854B1004AF735 /* splashingWater.wav */,
				9CE0FF441FC773D3004AF735 /* immigrantSong.mp3 */,
				D26FCCFD1FC88640003EBFDF /* jump.wav */,
				B08B911D1FC4CABD00304E46 /* gameBackground.mp3 */,
			);
			path = Sounds;
			sourceTree = "<group>";
		};
		B0FDBADF1FA9F33F00D4B08D /* Shaders */ = {
			isa = PBXGroup;
			children = (
				B0FDBAE21FA9F35600D4B08D /* lines.fsh */,
				B0FDBAE41FA9F35600D4B08D /* lines.vsh */,
				B0FDBAE01FA9F35600D4B08D /* pixelate.metal */,
				B0FDBAE61FA9F35600D4B08D /* prep.fsh */,
				B0FDBAE31FA9F35600D4B08D /* prep.vsh */,
				B0FDBAE71FA9F35600D4B08D /* toon.metal */,
			);
			name = Shaders;
			path = "New Group1";
			sourceTree = "<group>";
		};
		D20108841FBE11BE007660E3 /* Overlays */ = {
			isa = PBXGroup;
			children = (
				D20108951FBE11FC007660E3 /* FinishOverlay.sks */,
				D20108851FBE11D8007660E3 /* ControlsOverlay.sks */,
				D20108871FBE11D9007660E3 /* ControlsOverlay.swift */,
				D201088B1FBE11D9007660E3 /* GameOverOverlay.sks */,
				D25BAE211FC60443000ED0EC /* SettingsOverlay.sks */,
				D20108881FBE11D9007660E3 /* GameOverOverlay.swift */,
				D20108861FBE11D9007660E3 /* PauseOverlay.sks */,
				D201088A1FBE11D9007660E3 /* PauseOverlay.swift */,
				D20108891FBE11D9007660E3 /* StartOverlay.sks */,
				D201088C1FBE11D9007660E3 /* StartOverlay.swift */,
				D25BAE251FC60864000ED0EC /* SettingsOverlay.swift */,
			);
			name = Overlays;
			path = "New Group";
			sourceTree = "<group>";
		};
		D25160E31F93FA0800BF756A /* Character */ = {
			isa = PBXGroup;
			children = (
				D25AD5AD1F87ECF900F2093E /* Character.swift */,
				D25160E61F93FB6A00BF756A /* States */,
			);
			path = Character;
			sourceTree = "<group>";
		};
		D25160E61F93FB6A00BF756A /* States */ = {
			isa = PBXGroup;
			children = (
				D25160E41F93FA3400BF756A /* BaseState.swift */,
				D25160E71F93FB7F00BF756A /* RunningState.swift */,
				D25160EB1F940ACF00BF756A /* StandingState.swift */,
				D25160ED1F940B0C00BF756A /* JumpingState.swift */,
				D2F53D741F9A88FF00422F24 /* WalkingState.swift */,
				D2863F211FA14761004CCCDC /* JumpingMoveState.swift */,
			);
			path = States;
			sourceTree = "<group>";
		};
		D25AD5AF1F8809DD00F2093E /* Frameworks */ = {
			isa = PBXGroup;
			children = (
				D25AD5B21F8809E500F2093E /* GameKit.framework */,
				D25AD5B01F8809DE00F2093E /* SceneKit.framework */,
			);
			name = Frameworks;
			sourceTree = "<group>";
		};
		D28623B31FA3AF3300691E83 /* GameState */ = {
			isa = PBXGroup;
			children = (
				D28623B41FA3AF5F00691E83 /* GameBaseState.swift */,
				D28623B61FA3AFB600691E83 /* PauseState.swift */,
				D28623B81FA3B00200691E83 /* PlayState.swift */,
			);
			path = GameState;
			sourceTree = "<group>";
		};
		D2B8BBB61FBB648B0042F873 /* Fonts */ = {
			isa = PBXGroup;
			children = (
				D2B8BBB71FBB64D70042F873 /* Burrito.TTF */,
			);
			path = Fonts;
			sourceTree = "<group>";
		};
		D2E0A8961F993B4800FCC255 /* Components */ = {
			isa = PBXGroup;
			children = (
				9CE0FF411FC7656E004AF735 /* Sounds */,
				D2E0A8971F993B5D00FCC255 /* JumpComponent.swift */,
				9C1B829C1F9E2FD300173FF3 /* SeekComponent.swift */,
				9C1B829E1F9FADD300173FF3 /* ModelComponent.swift */,
				9C4806801FC88A2700168571 /* SinkComponent.swift */,
			);
			path = Components;
			sourceTree = "<group>";
		};
		D2EC85701F83F1240093F009 = {
			isa = PBXGroup;
			children = (
				D2EC857B1F83F1240093F009 /* PepperJourney */,
				D2EC857A1F83F1240093F009 /* Products */,
				D25AD5AF1F8809DD00F2093E /* Frameworks */,
			);
			sourceTree = "<group>";
		};
		D2EC857A1F83F1240093F009 /* Products */ = {
			isa = PBXGroup;
			children = (
				D2EC85791F83F1240093F009 /* PepperJourney.app */,
			);
			name = Products;
			sourceTree = "<group>";
		};
		D2EC857B1F83F1240093F009 /* PepperJourney */ = {
			isa = PBXGroup;
			children = (
				B0465F171FC4C743002B8FE8 /* Sounds */,
				D20108841FBE11BE007660E3 /* Overlays */,
				D2B8BBB61FBB648B0042F873 /* Fonts */,
				B0FDBADF1FA9F33F00D4B08D /* Shaders */,
				D28623B31FA3AF3300691E83 /* GameState */,
				9C03A2411F9A33DD008F191A /* EntityManager.swift */,
				9CFDF86E1F9A36C6009385A7 /* Entities */,
				D2E0A8961F993B4800FCC255 /* Components */,
				9CFDF86D1F9A34E5009385A7 /* Utils */,
				D2EC85901F83F6D60093F009 /* iOSControls */,
				9C6D3DEA1F93252500B8FA2A /* Game.scnassets */,
				D2EC85851F83F1240093F009 /* Assets.xcassets */,
				D25AD5AB1F87EAC800F2093E /* GameController.swift */,
				9CE0FF421FC765B9004AF735 /* SoundController.swift */,
				D2EC857C1F83F1240093F009 /* AppDelegate.swift */,
				D2DDAD511FBA2913009FA2B0 /* GameOptions.swift */,
				D25BAE271FC60C0F000ED0EC /* SettingsController.swift */,
				D2EC85801F83F1240093F009 /* GameViewController.swift */,
				D2EC85821F83F1240093F009 /* Main.storyboard */,
				D2EC85871F83F1240093F009 /* LaunchScreen.storyboard */,
				D2EC858A1F83F1240093F009 /* Info.plist */,
			);
			path = PepperJourney;
			sourceTree = "<group>";
		};
		D2EC85901F83F6D60093F009 /* iOSControls */ = {
			isa = PBXGroup;
			children = (
				D25AD5A51F87E1B100F2093E /* PadOverlay.swift */,
				D207CFC41F8EA2D10084240E /* Dpad.swift */,
				D207CFC61F8EA5370084240E /* Stick.swift */,
			);
			path = iOSControls;
			sourceTree = "<group>";
		};
/* End PBXGroup section */

/* Begin PBXNativeTarget section */
		D2EC85781F83F1240093F009 /* PepperJourney */ = {
			isa = PBXNativeTarget;
			buildConfigurationList = D2EC858D1F83F1240093F009 /* Build configuration list for PBXNativeTarget "PepperJourney" */;
			buildPhases = (
				D2EC85751F83F1240093F009 /* Sources */,
				D2EC85761F83F1240093F009 /* Frameworks */,
				D2EC85771F83F1240093F009 /* Resources */,
			);
			buildRules = (
			);
			dependencies = (
			);
			name = PepperJourney;
			productName = PepperJourney;
			productReference = D2EC85791F83F1240093F009 /* PepperJourney.app */;
			productType = "com.apple.product-type.application";
		};
/* End PBXNativeTarget section */

/* Begin PBXProject section */
		D2EC85711F83F1240093F009 /* Project object */ = {
			isa = PBXProject;
			attributes = {
				LastSwiftUpdateCheck = 0900;
				LastUpgradeCheck = 0900;
				ORGANIZATIONNAME = "Valmir Junior";
				TargetAttributes = {
					D2EC85781F83F1240093F009 = {
						CreatedOnToolsVersion = 9.0;
						ProvisioningStyle = Automatic;
					};
				};
			};
			buildConfigurationList = D2EC85741F83F1240093F009 /* Build configuration list for PBXProject "PepperJourney" */;
			compatibilityVersion = "Xcode 8.0";
			developmentRegion = en;
			hasScannedForEncodings = 0;
			knownRegions = (
				en,
				Base,
			);
			mainGroup = D2EC85701F83F1240093F009;
			productRefGroup = D2EC857A1F83F1240093F009 /* Products */;
			projectDirPath = "";
			projectRoot = "";
			targets = (
				D2EC85781F83F1240093F009 /* PepperJourney */,
			);
		};
/* End PBXProject section */

/* Begin PBXResourcesBuildPhase section */
		D2EC85771F83F1240093F009 /* Resources */ = {
			isa = PBXResourcesBuildPhase;
			buildActionMask = 2147483647;
			files = (
				D201088D1FBE11D9007660E3 /* ControlsOverlay.sks in Resources */,
				D2EC85891F83F1240093F009 /* LaunchScreen.storyboard in Resources */,
				B0FDBAEB1FA9F35600D4B08D /* lines.fsh in Resources */,
				D26FCCFE1FC88640003EBFDF /* jump.wav in Resources */,
				B0FDBAED1FA9F35600D4B08D /* lines.vsh in Resources */,
				B0FDBAEF1FA9F35600D4B08D /* prep.fsh in Resources */,
				B0FDBAEC1FA9F35600D4B08D /* prep.vsh in Resources */,
				9C6D3DEB1F93252A00B8FA2A /* Game.scnassets in Resources */,
				D20108911FBE11D9007660E3 /* StartOverlay.sks in Resources */,
				D201088E1FBE11D9007660E3 /* PauseOverlay.sks in Resources */,
				B08B911F1FC4CABD00304E46 /* gameBackground.mp3 in Resources */,
				D2EC85861F83F1240093F009 /* Assets.xcassets in Resources */,
				9CE0FF451FC773D3004AF735 /* immigrantSong.mp3 in Resources */,
				D2EC85841F83F1240093F009 /* Main.storyboard in Resources */,
				D20108931FBE11D9007660E3 /* GameOverOverlay.sks in Resources */,
				D25BAE221FC60443000ED0EC /* SettingsOverlay.sks in Resources */,
				D2B8BBB81FBB64D70042F873 /* Burrito.TTF in Resources */,
				D20108961FBE11FC007660E3 /* FinishOverlay.sks in Resources */,
				9CE0FF491FC854B2004AF735 /* splashingWater.wav in Resources */,
			);
			runOnlyForDeploymentPostprocessing = 0;
		};
/* End PBXResourcesBuildPhase section */

/* Begin PBXSourcesBuildPhase section */
		D2EC85751F83F1240093F009 /* Sources */ = {
			isa = PBXSourcesBuildPhase;
			buildActionMask = 2147483647;
			files = (
				D2DDAD521FBA2913009FA2B0 /* GameOptions.swift in Sources */,
				D2E594B21FC758880050D5D5 /* GameController.swift in Sources */,
				D2863F221FA14761004CCCDC /* JumpingMoveState.swift in Sources */,
				B08B91211FC4CCBE00304E46 /* SoundDistanceComponent.swift in Sources */,
				D2EC85811F83F1240093F009 /* GameViewController.swift in Sources */,
				D25160EC1F940ACF00BF756A /* StandingState.swift in Sources */,
				D2E0A8981F993B5D00FCC255 /* JumpComponent.swift in Sources */,
				D25AD5AE1F87ECF900F2093E /* Character.swift in Sources */,
				D207CFC71F8EA5370084240E /* Stick.swift in Sources */,
				D20108901FBE11D9007660E3 /* GameOverOverlay.swift in Sources */,
				9C1B82A11FA0D09800173FF3 /* TrigonometryLib.swift in Sources */,
				9C03A2421F9A33DD008F191A /* EntityManager.swift in Sources */,
				9CE0FF4B1FC85B67004AF735 /* SinkingInWaterComponent.swift in Sources */,
				9C4A65731FA67ED700293460 /* PotatoGeneratorSystem.swift in Sources */,
				D25BAE261FC60864000ED0EC /* SettingsOverlay.swift in Sources */,
				B0FDBAE91FA9F35600D4B08D /* pixelate.metal in Sources */,
				B0FDBAF01FA9F35600D4B08D /* toon.metal in Sources */,
				B0465F0D1FC444A2002B8FE8 /* SoundRandomComponent.swift in Sources */,
				9C1B829F1F9FADD300173FF3 /* ModelComponent.swift in Sources */,
				D2F53D751F9A88FF00422F24 /* WalkingState.swift in Sources */,
				D2EC857D1F83F1240093F009 /* AppDelegate.swift in Sources */,
				D20108941FBE11D9007660E3 /* StartOverlay.swift in Sources */,
				D291BB541F8E976A00B2D111 /* SimdExtensions.swift in Sources */,
				D201088F1FBE11D9007660E3 /* ControlsOverlay.swift in Sources */,
				D25AD5A61F87E1B100F2093E /* PadOverlay.swift in Sources */,
				D25160E81F93FB7F00BF756A /* RunningState.swift in Sources */,
				9C1B829D1F9E2FD300173FF3 /* SeekComponent.swift in Sources */,
				D25160EA1F94063400BF756A /* SCNAnimationPlayer + Load Animation.swift in Sources */,
				9C4806811FC88A2700168571 /* SinkComponent.swift in Sources */,
				D25160E51F93FA3400BF756A /* BaseState.swift in Sources */,
				D207CFC51F8EA2D10084240E /* Dpad.swift in Sources */,
				D28623B91FA3B00200691E83 /* PlayState.swift in Sources */,
				D2719D901FA0EBDA00FCB61F /* AnimationType.swift in Sources */,
				D28623B51FA3AF5F00691E83 /* GameBaseState.swift in Sources */,
				D28623B71FA3AFB600691E83 /* PauseState.swift in Sources */,
				9CE0FF431FC765B9004AF735 /* SoundController.swift in Sources */,
				D25BAE281FC60C0F000ED0EC /* SettingsController.swift in Sources */,
				D20108921FBE11D9007660E3 /* PauseOverlay.swift in Sources */,
				D25160EE1F940B0C00BF756A /* JumpingState.swift in Sources */,
				9CFDF8701F9A36F7009385A7 /* PotatoEntity.swift in Sources */,
			);
			runOnlyForDeploymentPostprocessing = 0;
		};
/* End PBXSourcesBuildPhase section */

/* Begin PBXVariantGroup section */
		D2EC85821F83F1240093F009 /* Main.storyboard */ = {
			isa = PBXVariantGroup;
			children = (
				D2EC85831F83F1240093F009 /* Base */,
			);
			name = Main.storyboard;
			sourceTree = "<group>";
		};
		D2EC85871F83F1240093F009 /* LaunchScreen.storyboard */ = {
			isa = PBXVariantGroup;
			children = (
				D2EC85881F83F1240093F009 /* Base */,
			);
			name = LaunchScreen.storyboard;
			sourceTree = "<group>";
		};
/* End PBXVariantGroup section */

/* Begin XCBuildConfiguration section */
		D2EC858B1F83F1240093F009 /* Debug */ = {
			isa = XCBuildConfiguration;
			buildSettings = {
				ALWAYS_SEARCH_USER_PATHS = NO;
				CLANG_ANALYZER_NONNULL = YES;
				CLANG_ANALYZER_NUMBER_OBJECT_CONVERSION = YES_AGGRESSIVE;
				CLANG_CXX_LANGUAGE_STANDARD = "gnu++14";
				CLANG_CXX_LIBRARY = "libc++";
				CLANG_ENABLE_MODULES = YES;
				CLANG_ENABLE_OBJC_ARC = YES;
				CLANG_WARN_BLOCK_CAPTURE_AUTORELEASING = YES;
				CLANG_WARN_BOOL_CONVERSION = YES;
				CLANG_WARN_COMMA = YES;
				CLANG_WARN_CONSTANT_CONVERSION = YES;
				CLANG_WARN_DIRECT_OBJC_ISA_USAGE = YES_ERROR;
				CLANG_WARN_DOCUMENTATION_COMMENTS = YES;
				CLANG_WARN_EMPTY_BODY = YES;
				CLANG_WARN_ENUM_CONVERSION = YES;
				CLANG_WARN_INFINITE_RECURSION = YES;
				CLANG_WARN_INT_CONVERSION = YES;
				CLANG_WARN_NON_LITERAL_NULL_CONVERSION = YES;
				CLANG_WARN_OBJC_LITERAL_CONVERSION = YES;
				CLANG_WARN_OBJC_ROOT_CLASS = YES_ERROR;
				CLANG_WARN_RANGE_LOOP_ANALYSIS = YES;
				CLANG_WARN_STRICT_PROTOTYPES = YES;
				CLANG_WARN_SUSPICIOUS_MOVE = YES;
				CLANG_WARN_UNGUARDED_AVAILABILITY = YES_AGGRESSIVE;
				CLANG_WARN_UNREACHABLE_CODE = YES;
				CLANG_WARN__DUPLICATE_METHOD_MATCH = YES;
				CODE_SIGN_IDENTITY = "iPhone Developer";
				COPY_PHASE_STRIP = NO;
				DEBUG_INFORMATION_FORMAT = dwarf;
				ENABLE_STRICT_OBJC_MSGSEND = YES;
				ENABLE_TESTABILITY = YES;
				GCC_C_LANGUAGE_STANDARD = gnu11;
				GCC_DYNAMIC_NO_PIC = NO;
				GCC_NO_COMMON_BLOCKS = YES;
				GCC_OPTIMIZATION_LEVEL = 0;
				GCC_PREPROCESSOR_DEFINITIONS = (
					"DEBUG=1",
					"$(inherited)",
				);
				GCC_WARN_64_TO_32_BIT_CONVERSION = YES;
				GCC_WARN_ABOUT_RETURN_TYPE = YES_ERROR;
				GCC_WARN_UNDECLARED_SELECTOR = YES;
				GCC_WARN_UNINITIALIZED_AUTOS = YES_AGGRESSIVE;
				GCC_WARN_UNUSED_FUNCTION = YES;
				GCC_WARN_UNUSED_VARIABLE = YES;
				IPHONEOS_DEPLOYMENT_TARGET = 11.0;
				MTL_ENABLE_DEBUG_INFO = YES;
				ONLY_ACTIVE_ARCH = YES;
				SDKROOT = iphoneos;
				SWIFT_ACTIVE_COMPILATION_CONDITIONS = DEBUG;
				SWIFT_OPTIMIZATION_LEVEL = "-Onone";
			};
			name = Debug;
		};
		D2EC858C1F83F1240093F009 /* Release */ = {
			isa = XCBuildConfiguration;
			buildSettings = {
				ALWAYS_SEARCH_USER_PATHS = NO;
				CLANG_ANALYZER_NONNULL = YES;
				CLANG_ANALYZER_NUMBER_OBJECT_CONVERSION = YES_AGGRESSIVE;
				CLANG_CXX_LANGUAGE_STANDARD = "gnu++14";
				CLANG_CXX_LIBRARY = "libc++";
				CLANG_ENABLE_MODULES = YES;
				CLANG_ENABLE_OBJC_ARC = YES;
				CLANG_WARN_BLOCK_CAPTURE_AUTORELEASING = YES;
				CLANG_WARN_BOOL_CONVERSION = YES;
				CLANG_WARN_COMMA = YES;
				CLANG_WARN_CONSTANT_CONVERSION = YES;
				CLANG_WARN_DIRECT_OBJC_ISA_USAGE = YES_ERROR;
				CLANG_WARN_DOCUMENTATION_COMMENTS = YES;
				CLANG_WARN_EMPTY_BODY = YES;
				CLANG_WARN_ENUM_CONVERSION = YES;
				CLANG_WARN_INFINITE_RECURSION = YES;
				CLANG_WARN_INT_CONVERSION = YES;
				CLANG_WARN_NON_LITERAL_NULL_CONVERSION = YES;
				CLANG_WARN_OBJC_LITERAL_CONVERSION = YES;
				CLANG_WARN_OBJC_ROOT_CLASS = YES_ERROR;
				CLANG_WARN_RANGE_LOOP_ANALYSIS = YES;
				CLANG_WARN_STRICT_PROTOTYPES = YES;
				CLANG_WARN_SUSPICIOUS_MOVE = YES;
				CLANG_WARN_UNGUARDED_AVAILABILITY = YES_AGGRESSIVE;
				CLANG_WARN_UNREACHABLE_CODE = YES;
				CLANG_WARN__DUPLICATE_METHOD_MATCH = YES;
				CODE_SIGN_IDENTITY = "iPhone Developer";
				COPY_PHASE_STRIP = NO;
				DEBUG_INFORMATION_FORMAT = "dwarf-with-dsym";
				ENABLE_NS_ASSERTIONS = NO;
				ENABLE_STRICT_OBJC_MSGSEND = YES;
				GCC_C_LANGUAGE_STANDARD = gnu11;
				GCC_NO_COMMON_BLOCKS = YES;
				GCC_WARN_64_TO_32_BIT_CONVERSION = YES;
				GCC_WARN_ABOUT_RETURN_TYPE = YES_ERROR;
				GCC_WARN_UNDECLARED_SELECTOR = YES;
				GCC_WARN_UNINITIALIZED_AUTOS = YES_AGGRESSIVE;
				GCC_WARN_UNUSED_FUNCTION = YES;
				GCC_WARN_UNUSED_VARIABLE = YES;
				IPHONEOS_DEPLOYMENT_TARGET = 11.0;
				MTL_ENABLE_DEBUG_INFO = NO;
				SDKROOT = iphoneos;
				SWIFT_OPTIMIZATION_LEVEL = "-Owholemodule";
				VALIDATE_PRODUCT = YES;
			};
			name = Release;
		};
		D2EC858E1F83F1240093F009 /* Debug */ = {
			isa = XCBuildConfiguration;
			buildSettings = {
				ASSETCATALOG_COMPILER_APPICON_NAME = AppIcon;
				CODE_SIGN_STYLE = Automatic;
				DEVELOPMENT_TEAM = "";
				INFOPLIST_FILE = PepperJourney/Info.plist;
				LD_RUNPATH_SEARCH_PATHS = "$(inherited) @executable_path/Frameworks";
				PRODUCT_BUNDLE_IDENTIFIER = com.vrmassoni.PepperJourney;
				PRODUCT_NAME = "$(TARGET_NAME)";
				SWIFT_VERSION = 4.0;
				TARGETED_DEVICE_FAMILY = "1,2";
			};
			name = Debug;
		};
		D2EC858F1F83F1240093F009 /* Release */ = {
			isa = XCBuildConfiguration;
			buildSettings = {
				ASSETCATALOG_COMPILER_APPICON_NAME = AppIcon;
				CODE_SIGN_STYLE = Automatic;
				DEVELOPMENT_TEAM = "";
				INFOPLIST_FILE = PepperJourney/Info.plist;
				LD_RUNPATH_SEARCH_PATHS = "$(inherited) @executable_path/Frameworks";
				PRODUCT_BUNDLE_IDENTIFIER = com.vrmassoni.PepperJourney;
				PRODUCT_NAME = "$(TARGET_NAME)";
				SWIFT_VERSION = 4.0;
				TARGETED_DEVICE_FAMILY = "1,2";
			};
			name = Release;
		};
/* End XCBuildConfiguration section */

/* Begin XCConfigurationList section */
		D2EC85741F83F1240093F009 /* Build configuration list for PBXProject "PepperJourney" */ = {
			isa = XCConfigurationList;
			buildConfigurations = (
				D2EC858B1F83F1240093F009 /* Debug */,
				D2EC858C1F83F1240093F009 /* Release */,
			);
			defaultConfigurationIsVisible = 0;
			defaultConfigurationName = Release;
		};
		D2EC858D1F83F1240093F009 /* Build configuration list for PBXNativeTarget "PepperJourney" */ = {
			isa = XCConfigurationList;
			buildConfigurations = (
				D2EC858E1F83F1240093F009 /* Debug */,
				D2EC858F1F83F1240093F009 /* Release */,
			);
			defaultConfigurationIsVisible = 0;
			defaultConfigurationName = Release;
		};
/* End XCConfigurationList section */
	};
	rootObject = D2EC85711F83F1240093F009 /* Project object */;
}
