// !$*UTF8*$!
{
	archiveVersion = 1;
	classes = {
	};
	objectVersion = 48;
	objects = {

/* Begin PBXBuildFile section */
		8161761BA21974BC4B48BAC5 /* Pods_PepperJourney.framework in Frameworks */ = {isa = PBXBuildFile; fileRef = FB9DF5DA0F7A09F704C22504 /* Pods_PepperJourney.framework */; };
		9C0350E71FD0A52800970006 /* F1_Pepper_3.wav in Resources */ = {isa = PBXBuildFile; fileRef = 9C0350E11FD0A52700970006 /* F1_Pepper_3.wav */; };
		9C0350E81FD0A52800970006 /* F1_Potato_1.wav in Resources */ = {isa = PBXBuildFile; fileRef = 9C0350E21FD0A52700970006 /* F1_Potato_1.wav */; };
		9C0350EA1FD0A52800970006 /* F1_Pepper_4.wav in Resources */ = {isa = PBXBuildFile; fileRef = 9C0350E41FD0A52800970006 /* F1_Pepper_4.wav */; };
		9C0350EE1FD0A69800970006 /* F1_Pepper_2.wav in Resources */ = {isa = PBXBuildFile; fileRef = 9C0350ED1FD0A69700970006 /* F1_Pepper_2.wav */; };
		9C0350F11FD0D4EA00970006 /* F1_Pepper_5.wav in Resources */ = {isa = PBXBuildFile; fileRef = 9C0350EF1FD0D4E900970006 /* F1_Pepper_5.wav */; };
		9C0350F21FD0D4EA00970006 /* F1_Potato_2.wav in Resources */ = {isa = PBXBuildFile; fileRef = 9C0350F01FD0D4EA00970006 /* F1_Potato_2.wav */; };
		9C0350F61FD59EA800970006 /* Fase1GameController.swift in Sources */ = {isa = PBXBuildFile; fileRef = 9C0350F51FD59EA800970006 /* Fase1GameController.swift */; };
		9C0350F81FD59ED200970006 /* Fase2GameController.swift in Sources */ = {isa = PBXBuildFile; fileRef = 9C0350F71FD59ED200970006 /* Fase2GameController.swift */; };
		9C03A2421F9A33DD008F191A /* EntityManager.swift in Sources */ = {isa = PBXBuildFile; fileRef = 9C03A2411F9A33DD008F191A /* EntityManager.swift */; };
		9C06C5B9200F895E001A6A1C /* F2_Pepper_12.wav in Resources */ = {isa = PBXBuildFile; fileRef = 9C06C5A8200F895C001A6A1C /* F2_Pepper_12.wav */; };
		9C06C5BA200F895E001A6A1C /* F2_Pepper_11.wav in Resources */ = {isa = PBXBuildFile; fileRef = 9C06C5A9200F895C001A6A1C /* F2_Pepper_11.wav */; };
		9C06C5BC200F895E001A6A1C /* F2_Pepper_9.wav in Resources */ = {isa = PBXBuildFile; fileRef = 9C06C5AB200F895C001A6A1C /* F2_Pepper_9.wav */; };
		9C06C5BD200F895E001A6A1C /* F2_Pepper_13.wav in Resources */ = {isa = PBXBuildFile; fileRef = 9C06C5AC200F895C001A6A1C /* F2_Pepper_13.wav */; };
		9C06C5BE200F895E001A6A1C /* F2_Potato_1.wav in Resources */ = {isa = PBXBuildFile; fileRef = 9C06C5AD200F895D001A6A1C /* F2_Potato_1.wav */; };
		9C06C5C0200F895E001A6A1C /* F2_Pepper_5.wav in Resources */ = {isa = PBXBuildFile; fileRef = 9C06C5AF200F895D001A6A1C /* F2_Pepper_5.wav */; };
		9C06C5C1200F895E001A6A1C /* F2_Pepper_6.wav in Resources */ = {isa = PBXBuildFile; fileRef = 9C06C5B0200F895D001A6A1C /* F2_Pepper_6.wav */; };
		9C06C5C2200F895E001A6A1C /* F2_Pepper_1.wav in Resources */ = {isa = PBXBuildFile; fileRef = 9C06C5B1200F895D001A6A1C /* F2_Pepper_1.wav */; };
		9C06C5C3200F895E001A6A1C /* F2_Pepper_14.wav in Resources */ = {isa = PBXBuildFile; fileRef = 9C06C5B2200F895D001A6A1C /* F2_Pepper_14.wav */; };
		9C06C5C4200F895E001A6A1C /* F2_Pepper_15.wav in Resources */ = {isa = PBXBuildFile; fileRef = 9C06C5B3200F895D001A6A1C /* F2_Pepper_15.wav */; };
		9C06C5C5200F895E001A6A1C /* F2_Pepper_4.wav in Resources */ = {isa = PBXBuildFile; fileRef = 9C06C5B4200F895D001A6A1C /* F2_Pepper_4.wav */; };
		9C06C5C6200F895E001A6A1C /* F2_Pepper_7.wav in Resources */ = {isa = PBXBuildFile; fileRef = 9C06C5B5200F895D001A6A1C /* F2_Pepper_7.wav */; };
		9C06C5C7200F895E001A6A1C /* F2_Pepper_8.wav in Resources */ = {isa = PBXBuildFile; fileRef = 9C06C5B6200F895D001A6A1C /* F2_Pepper_8.wav */; };
		9C06C5C8200F895E001A6A1C /* F2_Pepper_10.wav in Resources */ = {isa = PBXBuildFile; fileRef = 9C06C5B7200F895E001A6A1C /* F2_Pepper_10.wav */; };
		9C13D4DB202402C600515235 /* BigBridgeBattleController.swift in Sources */ = {isa = PBXBuildFile; fileRef = 9C13D4DA202402C600515235 /* BigBridgeBattleController.swift */; };
		9C1B829F1F9FADD300173FF3 /* ModelComponent.swift in Sources */ = {isa = PBXBuildFile; fileRef = 9C1B829E1F9FADD300173FF3 /* ModelComponent.swift */; };
		9C1B82A11FA0D09800173FF3 /* TrigonometryLib.swift in Sources */ = {isa = PBXBuildFile; fileRef = 9C1B82A01FA0D09600173FF3 /* TrigonometryLib.swift */; };
		9C1DD987202754CC00895923 /* PotatoEntity.swift in Sources */ = {isa = PBXBuildFile; fileRef = 9C1DD985202754CB00895923 /* PotatoEntity.swift */; };
		9C1DD988202754CC00895923 /* PotatoStateMachine.swift in Sources */ = {isa = PBXBuildFile; fileRef = 9C1DD986202754CB00895923 /* PotatoStateMachine.swift */; };
		9C1DD98A20275C3000895923 /* PursueComponent.swift in Sources */ = {isa = PBXBuildFile; fileRef = 9C1DD98920275C3000895923 /* PursueComponent.swift */; };
		9C1E5D31200FD0FE0080AF92 /* acuteYeah.wav in Resources */ = {isa = PBXBuildFile; fileRef = 9C1E5D30200FD0FD0080AF92 /* acuteYeah.wav */; };
		9C1E5D34200FD4320080AF92 /* Rumors.wav in Resources */ = {isa = PBXBuildFile; fileRef = 9C1E5D32200FD4320080AF92 /* Rumors.wav */; };
		9C1E5D35200FD4320080AF92 /* WarriorAvocado.wav in Resources */ = {isa = PBXBuildFile; fileRef = 9C1E5D33200FD4320080AF92 /* WarriorAvocado.wav */; };
		9C2306852017652100B1240F /* LicenseAdds.swift in Sources */ = {isa = PBXBuildFile; fileRef = 9C2306842017652100B1240F /* LicenseAdds.swift */; };
		9C2FEE8A200D2801006A5274 /* NewMissionOverlay.sks in Resources */ = {isa = PBXBuildFile; fileRef = 9C2FEE8C200D2801006A5274 /* NewMissionOverlay.sks */; };
		9C2FEE8F200D2978006A5274 /* NewMissionOverlay.swift in Sources */ = {isa = PBXBuildFile; fileRef = 9C2FEE8E200D2978006A5274 /* NewMissionOverlay.swift */; };
		9C2FEE92200D2C9D006A5274 /* MissionController.swift in Sources */ = {isa = PBXBuildFile; fileRef = 9C2FEE91200D2C9D006A5274 /* MissionController.swift */; };
		9C3ADB2720263D0F004360CF /* MemoryOptimizationController.swift in Sources */ = {isa = PBXBuildFile; fileRef = 9C3ADB2620263D0F004360CF /* MemoryOptimizationController.swift */; };
		9C3ADB2920264714004360CF /* SCNMath.swift in Sources */ = {isa = PBXBuildFile; fileRef = 9C3ADB2820264714004360CF /* SCNMath.swift */; };
		9C4806811FC88A2700168571 /* SinkComponent.swift in Sources */ = {isa = PBXBuildFile; fileRef = 9C4806801FC88A2700168571 /* SinkComponent.swift */; };
		9C4806851FCC505000168571 /* splashingWater2.wav in Resources */ = {isa = PBXBuildFile; fileRef = 9C4806841FCC504F00168571 /* splashingWater2.wav */; };
		9C6C53A720408FC20076F825 /* GameOverOverlay.sks in Resources */ = {isa = PBXBuildFile; fileRef = 9C6C53A920408FC20076F825 /* GameOverOverlay.sks */; };
		9C6C53AC20438ED00076F825 /* MenuController.swift in Sources */ = {isa = PBXBuildFile; fileRef = 9C6C53AB20438ED00076F825 /* MenuController.swift */; };
		9C6C53B2204487680076F825 /* MenuOverlay.sks in Resources */ = {isa = PBXBuildFile; fileRef = 9C6C53B1204487680076F825 /* MenuOverlay.sks */; };
		9C6C53B42044A1EC0076F825 /* MenuOverlay.swift in Sources */ = {isa = PBXBuildFile; fileRef = 9C6C53B32044A1EC0076F825 /* MenuOverlay.swift */; };
		9C6D3DEB1F93252A00B8FA2A /* Game.scnassets in Resources */ = {isa = PBXBuildFile; fileRef = 9C6D3DEA1F93252500B8FA2A /* Game.scnassets */; };
		9C774A631FE1997C00A388CC /* SubtitleController.swift in Sources */ = {isa = PBXBuildFile; fileRef = 9C774A621FE1997C00A388CC /* SubtitleController.swift */; };
		9C774A651FE2314E00A388CC /* ControlsOverlay.sks in Resources */ = {isa = PBXBuildFile; fileRef = 9C774A641FE2314E00A388CC /* ControlsOverlay.sks */; };
		9C7DE8602028A7B600C4D2A2 /* cutscene3.mp4 in Resources */ = {isa = PBXBuildFile; fileRef = 9C7DE85F2028A7B600C4D2A2 /* cutscene3.mp4 */; };
		9C7DE8852029B19F00C4D2A2 /* cutscene2.srt in Resources */ = {isa = PBXBuildFile; fileRef = 9C7DE8832029B19E00C4D2A2 /* cutscene2.srt */; };
		9C7DE8862029B19F00C4D2A2 /* cutscene2_ptbr.srt in Resources */ = {isa = PBXBuildFile; fileRef = 9C7DE8842029B19F00C4D2A2 /* cutscene2_ptbr.srt */; };
		9C7DE8892029B38500C4D2A2 /* cutscene3_ptbr.srt in Resources */ = {isa = PBXBuildFile; fileRef = 9C7DE8872029B38500C4D2A2 /* cutscene3_ptbr.srt */; };
		9C7DE88A2029B38500C4D2A2 /* cutscene3.srt in Resources */ = {isa = PBXBuildFile; fileRef = 9C7DE8882029B38500C4D2A2 /* cutscene3.srt */; };
		9C8CEBB5201E7BF200446C97 /* bridge.wav in Resources */ = {isa = PBXBuildFile; fileRef = 9C8CEBB4201E7BF100446C97 /* bridge.wav */; };
		9C8CEBB7201F375800446C97 /* marching-concrete-loop.aiff in Resources */ = {isa = PBXBuildFile; fileRef = 9C8CEBB6201F375700446C97 /* marching-concrete-loop.aiff */; };
		9C8CEBB9201F39FC00446C97 /* Foot Stomp A.wav in Resources */ = {isa = PBXBuildFile; fileRef = 9C8CEBB8201F39FB00446C97 /* Foot Stomp A.wav */; };
		9C8CEBBC201F4DBC00446C97 /* AttackOrder.wav in Resources */ = {isa = PBXBuildFile; fileRef = 9C8CEBBA201F4DBC00446C97 /* AttackOrder.wav */; };
		9C8CEBBD201F4DBC00446C97 /* GeneralSpeech.wav in Resources */ = {isa = PBXBuildFile; fileRef = 9C8CEBBB201F4DBC00446C97 /* GeneralSpeech.wav */; };
		9C991DAA1FCC588B00DEE3D6 /* GameOver-Game_over.wav in Resources */ = {isa = PBXBuildFile; fileRef = 9C991DA71FCC588A00DEE3D6 /* GameOver-Game_over.wav */; };
		9C991DAF1FCC5CB600DEE3D6 /* FinishLevel-jingle-win-00.wav in Resources */ = {isa = PBXBuildFile; fileRef = 9C991DAC1FCC5CB500DEE3D6 /* FinishLevel-jingle-win-00.wav */; };
		9C991DB31FCC99DE00DEE3D6 /* AttackComponent.swift in Sources */ = {isa = PBXBuildFile; fileRef = 9C991DB21FCC99DE00DEE3D6 /* AttackComponent.swift */; };
		9C991DB91FCD9F5300DEE3D6 /* Yell - small-fairy-hit-moan.wav in Resources */ = {isa = PBXBuildFile; fileRef = 9C991DB71FCD9F5300DEE3D6 /* Yell - small-fairy-hit-moan.wav */; };
		9CAF1BB01FFFEB6000D9D70A /* RewardAdvertisement.swift in Sources */ = {isa = PBXBuildFile; fileRef = 9CAF1BAF1FFFEB6000D9D70A /* RewardAdvertisement.swift */; };
		9CC26F651FD9369500292099 /* EntityCleanerComponent.swift in Sources */ = {isa = PBXBuildFile; fileRef = 9CC26F641FD9369500292099 /* EntityCleanerComponent.swift */; };
		9CC26F671FD95A5700292099 /* PowerLevelComponent.swift in Sources */ = {isa = PBXBuildFile; fileRef = 9CC26F661FD95A5700292099 /* PowerLevelComponent.swift */; };
		9CC26F691FD960B300292099 /* AttackLimiterComponent.swift in Sources */ = {isa = PBXBuildFile; fileRef = 9CC26F681FD960B300292099 /* AttackLimiterComponent.swift */; };
		9CCC6B3320165903009937E6 /* WarDrumLoop.wav in Resources */ = {isa = PBXBuildFile; fileRef = 9CCC6B3220165903009937E6 /* WarDrumLoop.wav */; };
		9CD4917D200F9F91009EF2B0 /* cutscene2.mp4 in Resources */ = {isa = PBXBuildFile; fileRef = 9CD4917C200F9F90009EF2B0 /* cutscene2.mp4 */; };
		9CD4917F200FBAE5009EF2B0 /* Prisoner1.wav in Resources */ = {isa = PBXBuildFile; fileRef = 9CD4917E200FBAE5009EF2B0 /* Prisoner1.wav */; };
		9CD635A31FD8CEB90016CC7B /* PrisonerBox.swift in Sources */ = {isa = PBXBuildFile; fileRef = 9CD635A21FD8CEB90016CC7B /* PrisonerBox.swift */; };
		9CD635A61FD8CEDE0016CC7B /* TimeAlarmComponent.swift in Sources */ = {isa = PBXBuildFile; fileRef = 9CD635A41FD8CEDD0016CC7B /* TimeAlarmComponent.swift */; };
		9CD635A71FD8CEDE0016CC7B /* DistanceAlarmComponent.swift in Sources */ = {isa = PBXBuildFile; fileRef = 9CD635A51FD8CEDE0016CC7B /* DistanceAlarmComponent.swift */; };
		9CD8547A2008C611009C7218 /* CheckPointController.swift in Sources */ = {isa = PBXBuildFile; fileRef = 9CD854792008C611009C7218 /* CheckPointController.swift */; };
		9CE0FF431FC765B9004AF735 /* SoundController.swift in Sources */ = {isa = PBXBuildFile; fileRef = 9CE0FF421FC765B9004AF735 /* SoundController.swift */; };
		9CE0FF491FC854B2004AF735 /* splashingWater.wav in Resources */ = {isa = PBXBuildFile; fileRef = 9CE0FF481FC854B1004AF735 /* splashingWater.wav */; };
		9CE4A50B1FD08D3800A02DE5 /* F1_Pepper_1.wav in Resources */ = {isa = PBXBuildFile; fileRef = 9CE4A50A1FD08D3800A02DE5 /* F1_Pepper_1.wav */; };
		9CE88A3120121DE100627D14 /* OverPotatoSceneController.swift in Sources */ = {isa = PBXBuildFile; fileRef = 9CE88A3020121DE100627D14 /* OverPotatoSceneController.swift */; };
		AAAAED081FF2B9C9005E992F /* cutscene1_ptbr.srt in Resources */ = {isa = PBXBuildFile; fileRef = AAAAED071FF2B9C9005E992F /* cutscene1_ptbr.srt */; };
		B0465F0D1FC444A2002B8FE8 /* SoundRandomComponent.swift in Sources */ = {isa = PBXBuildFile; fileRef = B0465F0B1FC444A1002B8FE8 /* SoundRandomComponent.swift */; };
		B0676A301FE143E30001BA27 /* MoveAlong.swift in Sources */ = {isa = PBXBuildFile; fileRef = B0676A2F1FE143E30001BA27 /* MoveAlong.swift */; };
		B06FCD6A1FD8EC6E00EFFA31 /* PotatoSpearEntity.swift in Sources */ = {isa = PBXBuildFile; fileRef = B06FCD691FD8EC6E00EFFA31 /* PotatoSpearEntity.swift */; };
		B08B911F1FC4CABD00304E46 /* gameBackground.mp3 in Resources */ = {isa = PBXBuildFile; fileRef = B08B911D1FC4CABD00304E46 /* gameBackground.mp3 */; };
		B08B91211FC4CCBE00304E46 /* SoundDistanceComponent.swift in Sources */ = {isa = PBXBuildFile; fileRef = B08B91201FC4CCBE00304E46 /* SoundDistanceComponent.swift */; };
		B095F5D21FE01FF100B4F386 /* TutorialFase1Overlay.swift in Sources */ = {isa = PBXBuildFile; fileRef = B095F5D11FE01FF100B4F386 /* TutorialFase1Overlay.swift */; };
		B095F5D41FE0240300B4F386 /* TutorialFase1State.swift in Sources */ = {isa = PBXBuildFile; fileRef = B095F5D31FE0240300B4F386 /* TutorialFase1State.swift */; };
		D201088F1FBE11D9007660E3 /* ControlsOverlay.swift in Sources */ = {isa = PBXBuildFile; fileRef = D20108871FBE11D9007660E3 /* ControlsOverlay.swift */; };
		D20108901FBE11D9007660E3 /* GameOverOverlay.swift in Sources */ = {isa = PBXBuildFile; fileRef = D20108881FBE11D9007660E3 /* GameOverOverlay.swift */; };
		D20108921FBE11D9007660E3 /* PauseOverlay.swift in Sources */ = {isa = PBXBuildFile; fileRef = D201088A1FBE11D9007660E3 /* PauseOverlay.swift */; };
		D20108941FBE11D9007660E3 /* StartOverlay.swift in Sources */ = {isa = PBXBuildFile; fileRef = D201088C1FBE11D9007660E3 /* StartOverlay.swift */; };
		D2050A7D1FCC99D9001EC7FE /* JumpButton.swift in Sources */ = {isa = PBXBuildFile; fileRef = D2050A7C1FCC99D9001EC7FE /* JumpButton.swift */; };
		D2050A7F1FCC9BD1001EC7FE /* AttackButton.swift in Sources */ = {isa = PBXBuildFile; fileRef = D2050A7E1FCC9BD1001EC7FE /* AttackButton.swift */; };
		D207CFC51F8EA2D10084240E /* Dpad.swift in Sources */ = {isa = PBXBuildFile; fileRef = D207CFC41F8EA2D10084240E /* Dpad.swift */; };
		D207CFC71F8EA5370084240E /* Stick.swift in Sources */ = {isa = PBXBuildFile; fileRef = D207CFC61F8EA5370084240E /* Stick.swift */; };
		D216F4EE1FEC10EF00F6059D /* cutscene1.srt in Resources */ = {isa = PBXBuildFile; fileRef = D216F4ED1FEC10EF00F6059D /* cutscene1.srt */; };
		D25160E51F93FA3400BF756A /* BaseState.swift in Sources */ = {isa = PBXBuildFile; fileRef = D25160E41F93FA3400BF756A /* BaseState.swift */; };
		D25160E81F93FB7F00BF756A /* RunningState.swift in Sources */ = {isa = PBXBuildFile; fileRef = D25160E71F93FB7F00BF756A /* RunningState.swift */; };
		D25160EA1F94063400BF756A /* SCNAnimationPlayer + Load Animation.swift in Sources */ = {isa = PBXBuildFile; fileRef = D25160E91F94063400BF756A /* SCNAnimationPlayer + Load Animation.swift */; };
		D25160EC1F940ACF00BF756A /* StandingState.swift in Sources */ = {isa = PBXBuildFile; fileRef = D25160EB1F940ACF00BF756A /* StandingState.swift */; };
		D25160EE1F940B0C00BF756A /* JumpingState.swift in Sources */ = {isa = PBXBuildFile; fileRef = D25160ED1F940B0C00BF756A /* JumpingState.swift */; };
		D25AD5A61F87E1B100F2093E /* PadOverlay.swift in Sources */ = {isa = PBXBuildFile; fileRef = D25AD5A51F87E1B100F2093E /* PadOverlay.swift */; };
		D25AD5AE1F87ECF900F2093E /* Character.swift in Sources */ = {isa = PBXBuildFile; fileRef = D25AD5AD1F87ECF900F2093E /* Character.swift */; };
		D25AD5B11F8809DE00F2093E /* SceneKit.framework in Frameworks */ = {isa = PBXBuildFile; fileRef = D25AD5B01F8809DE00F2093E /* SceneKit.framework */; };
		D25AD5B31F8809E500F2093E /* GameKit.framework in Frameworks */ = {isa = PBXBuildFile; fileRef = D25AD5B21F8809E500F2093E /* GameKit.framework */; };
		D25BAE221FC60443000ED0EC /* SettingsOverlay.sks in Resources */ = {isa = PBXBuildFile; fileRef = D25BAE211FC60443000ED0EC /* SettingsOverlay.sks */; };
		D25BAE261FC60864000ED0EC /* SettingsOverlay.swift in Sources */ = {isa = PBXBuildFile; fileRef = D25BAE251FC60864000ED0EC /* SettingsOverlay.swift */; };
		D26035F11FCDC57B00E4F069 /* FinishOverlay.swift in Sources */ = {isa = PBXBuildFile; fileRef = D26035F01FCDC57B00E4F069 /* FinishOverlay.swift */; };
		D26035F31FCDC66C00E4F069 /* CGPoint+FromUIView.swift in Sources */ = {isa = PBXBuildFile; fileRef = D26035F21FCDC66C00E4F069 /* CGPoint+FromUIView.swift */; };
		D26035F61FCDE53D00E4F069 /* cutscene1.mp4 in Resources */ = {isa = PBXBuildFile; fileRef = D26035F51FCDDB4100E4F069 /* cutscene1.mp4 */; };
		D26610181FD5B831006B1455 /* CameraControl.swift in Sources */ = {isa = PBXBuildFile; fileRef = D26610171FD5B831006B1455 /* CameraControl.swift */; };
		D266101C1FD5DEE0006B1455 /* Controls.swift in Sources */ = {isa = PBXBuildFile; fileRef = D266101B1FD5DEE0006B1455 /* Controls.swift */; };
		D26D7B691FD952D700CCA3C1 /* LifeComponent.swift in Sources */ = {isa = PBXBuildFile; fileRef = D26D7B681FD952D700CCA3C1 /* LifeComponent.swift */; };
		D26FCCFE1FC88640003EBFDF /* jump.wav in Resources */ = {isa = PBXBuildFile; fileRef = D26FCCFD1FC88640003EBFDF /* jump.wav */; };
		D2719D901FA0EBDA00FCB61F /* AnimationType.swift in Sources */ = {isa = PBXBuildFile; fileRef = D2719D8F1FA0EBDA00FCB61F /* AnimationType.swift */; };
		D28623B51FA3AF5F00691E83 /* GameBaseState.swift in Sources */ = {isa = PBXBuildFile; fileRef = D28623B41FA3AF5F00691E83 /* GameBaseState.swift */; };
		D28623B71FA3AFB600691E83 /* PauseState.swift in Sources */ = {isa = PBXBuildFile; fileRef = D28623B61FA3AFB600691E83 /* PauseState.swift */; };
		D28623B91FA3B00200691E83 /* PlayState.swift in Sources */ = {isa = PBXBuildFile; fileRef = D28623B81FA3B00200691E83 /* PlayState.swift */; };
		D2863F221FA14761004CCCDC /* JumpingMoveState.swift in Sources */ = {isa = PBXBuildFile; fileRef = D2863F211FA14761004CCCDC /* JumpingMoveState.swift */; };
		D291BB541F8E976A00B2D111 /* SimdExtensions.swift in Sources */ = {isa = PBXBuildFile; fileRef = D291BB531F8E976A00B2D111 /* SimdExtensions.swift */; };
		D2983A331FF2C09F00979A52 /* FinishOverlay.sks in Resources */ = {isa = PBXBuildFile; fileRef = D2983A351FF2C09F00979A52 /* FinishOverlay.sks */; };
		D2983A401FF2C8AE00979A52 /* PauseOverlay.sks in Resources */ = {isa = PBXBuildFile; fileRef = D2983A421FF2C8AE00979A52 /* PauseOverlay.sks */; };
		D2983A441FF2C8E300979A52 /* StartOverlay.sks in Resources */ = {isa = PBXBuildFile; fileRef = D2983A461FF2C8E300979A52 /* StartOverlay.sks */; };
		D2983A481FF2C93900979A52 /* TutorialFase1Overlay.sks in Resources */ = {isa = PBXBuildFile; fileRef = D2983A4A1FF2C93900979A52 /* TutorialFase1Overlay.sks */; };
		D2983A4E1FF2CA4E00979A52 /* Localizable.strings in Resources */ = {isa = PBXBuildFile; fileRef = D2983A501FF2CA4E00979A52 /* Localizable.strings */; };
		D2983A541FF2CBAA00979A52 /* String+Localized.swift in Sources */ = {isa = PBXBuildFile; fileRef = D2983A531FF2CBAA00979A52 /* String+Localized.swift */; };
		D2A584341FDEF71200082174 /* AttackState.swift in Sources */ = {isa = PBXBuildFile; fileRef = D2A584331FDEF71200082174 /* AttackState.swift */; };
		D2B8BBB81FBB64D70042F873 /* Burrito.TTF in Resources */ = {isa = PBXBuildFile; fileRef = D2B8BBB71FBB64D70042F873 /* Burrito.TTF */; };
		D2C7654C1FD0782000EC7D9B /* VideoStoryboard.storyboard in Resources */ = {isa = PBXBuildFile; fileRef = D2C7654B1FD0782000EC7D9B /* VideoStoryboard.storyboard */; };
		D2C7654F1FD0891100EC7D9B /* VideoViewController.swift in Sources */ = {isa = PBXBuildFile; fileRef = D2C7654E1FD0891100EC7D9B /* VideoViewController.swift */; };
		D2DDAD521FBA2913009FA2B0 /* GameOptions.swift in Sources */ = {isa = PBXBuildFile; fileRef = D2DDAD511FBA2913009FA2B0 /* GameOptions.swift */; };
		D2E0A8981F993B5D00FCC255 /* JumpComponent.swift in Sources */ = {isa = PBXBuildFile; fileRef = D2E0A8971F993B5D00FCC255 /* JumpComponent.swift */; };
		D2E594B21FC758880050D5D5 /* GameController.swift in Sources */ = {isa = PBXBuildFile; fileRef = D25AD5AB1F87EAC800F2093E /* GameController.swift */; };
		D2EC857D1F83F1240093F009 /* AppDelegate.swift in Sources */ = {isa = PBXBuildFile; fileRef = D2EC857C1F83F1240093F009 /* AppDelegate.swift */; };
		D2EC85811F83F1240093F009 /* GameViewController.swift in Sources */ = {isa = PBXBuildFile; fileRef = D2EC85801F83F1240093F009 /* GameViewController.swift */; };
		D2EC85841F83F1240093F009 /* Main.storyboard in Resources */ = {isa = PBXBuildFile; fileRef = D2EC85821F83F1240093F009 /* Main.storyboard */; };
		D2EC85861F83F1240093F009 /* Assets.xcassets in Resources */ = {isa = PBXBuildFile; fileRef = D2EC85851F83F1240093F009 /* Assets.xcassets */; };
		D2EC85891F83F1240093F009 /* LaunchScreen.storyboard in Resources */ = {isa = PBXBuildFile; fileRef = D2EC85871F83F1240093F009 /* LaunchScreen.storyboard */; };
		D2F53D751F9A88FF00422F24 /* WalkingState.swift in Sources */ = {isa = PBXBuildFile; fileRef = D2F53D741F9A88FF00422F24 /* WalkingState.swift */; };
		D2FBD29E1FE1900900F47A9F /* EnemyGeneratorSystem.swift in Sources */ = {isa = PBXBuildFile; fileRef = D2FBD29D1FE1900900F47A9F /* EnemyGeneratorSystem.swift */; };
		D2FBD2A01FE19D3600F47A9F /* SKButton.swift in Sources */ = {isa = PBXBuildFile; fileRef = D2FBD29F1FE19D3600F47A9F /* SKButton.swift */; };
/* End PBXBuildFile section */

/* Begin PBXFileReference section */
		9C0350E11FD0A52700970006 /* F1_Pepper_3.wav */ = {isa = PBXFileReference; lastKnownFileType = audio.wav; path = F1_Pepper_3.wav; sourceTree = "<group>"; };
		9C0350E21FD0A52700970006 /* F1_Potato_1.wav */ = {isa = PBXFileReference; lastKnownFileType = audio.wav; path = F1_Potato_1.wav; sourceTree = "<group>"; };
		9C0350E41FD0A52800970006 /* F1_Pepper_4.wav */ = {isa = PBXFileReference; lastKnownFileType = audio.wav; path = F1_Pepper_4.wav; sourceTree = "<group>"; };
		9C0350ED1FD0A69700970006 /* F1_Pepper_2.wav */ = {isa = PBXFileReference; lastKnownFileType = audio.wav; path = F1_Pepper_2.wav; sourceTree = "<group>"; };
		9C0350EF1FD0D4E900970006 /* F1_Pepper_5.wav */ = {isa = PBXFileReference; lastKnownFileType = audio.wav; path = F1_Pepper_5.wav; sourceTree = "<group>"; };
		9C0350F01FD0D4EA00970006 /* F1_Potato_2.wav */ = {isa = PBXFileReference; lastKnownFileType = audio.wav; path = F1_Potato_2.wav; sourceTree = "<group>"; };
		9C0350F51FD59EA800970006 /* Fase1GameController.swift */ = {isa = PBXFileReference; lastKnownFileType = sourcecode.swift; path = Fase1GameController.swift; sourceTree = "<group>"; };
		9C0350F71FD59ED200970006 /* Fase2GameController.swift */ = {isa = PBXFileReference; lastKnownFileType = sourcecode.swift; path = Fase2GameController.swift; sourceTree = "<group>"; };
		9C03A2411F9A33DD008F191A /* EntityManager.swift */ = {isa = PBXFileReference; lastKnownFileType = sourcecode.swift; path = EntityManager.swift; sourceTree = "<group>"; };
		9C06C5A8200F895C001A6A1C /* F2_Pepper_12.wav */ = {isa = PBXFileReference; lastKnownFileType = audio.wav; path = F2_Pepper_12.wav; sourceTree = "<group>"; };
		9C06C5A9200F895C001A6A1C /* F2_Pepper_11.wav */ = {isa = PBXFileReference; lastKnownFileType = audio.wav; path = F2_Pepper_11.wav; sourceTree = "<group>"; };
		9C06C5AB200F895C001A6A1C /* F2_Pepper_9.wav */ = {isa = PBXFileReference; lastKnownFileType = audio.wav; path = F2_Pepper_9.wav; sourceTree = "<group>"; };
		9C06C5AC200F895C001A6A1C /* F2_Pepper_13.wav */ = {isa = PBXFileReference; lastKnownFileType = audio.wav; path = F2_Pepper_13.wav; sourceTree = "<group>"; };
		9C06C5AD200F895D001A6A1C /* F2_Potato_1.wav */ = {isa = PBXFileReference; lastKnownFileType = audio.wav; path = F2_Potato_1.wav; sourceTree = "<group>"; };
		9C06C5AF200F895D001A6A1C /* F2_Pepper_5.wav */ = {isa = PBXFileReference; lastKnownFileType = audio.wav; path = F2_Pepper_5.wav; sourceTree = "<group>"; };
		9C06C5B0200F895D001A6A1C /* F2_Pepper_6.wav */ = {isa = PBXFileReference; lastKnownFileType = audio.wav; path = F2_Pepper_6.wav; sourceTree = "<group>"; };
		9C06C5B1200F895D001A6A1C /* F2_Pepper_1.wav */ = {isa = PBXFileReference; lastKnownFileType = audio.wav; path = F2_Pepper_1.wav; sourceTree = "<group>"; };
		9C06C5B2200F895D001A6A1C /* F2_Pepper_14.wav */ = {isa = PBXFileReference; lastKnownFileType = audio.wav; path = F2_Pepper_14.wav; sourceTree = "<group>"; };
		9C06C5B3200F895D001A6A1C /* F2_Pepper_15.wav */ = {isa = PBXFileReference; lastKnownFileType = audio.wav; path = F2_Pepper_15.wav; sourceTree = "<group>"; };
		9C06C5B4200F895D001A6A1C /* F2_Pepper_4.wav */ = {isa = PBXFileReference; lastKnownFileType = audio.wav; path = F2_Pepper_4.wav; sourceTree = "<group>"; };
		9C06C5B5200F895D001A6A1C /* F2_Pepper_7.wav */ = {isa = PBXFileReference; lastKnownFileType = audio.wav; path = F2_Pepper_7.wav; sourceTree = "<group>"; };
		9C06C5B6200F895D001A6A1C /* F2_Pepper_8.wav */ = {isa = PBXFileReference; lastKnownFileType = audio.wav; path = F2_Pepper_8.wav; sourceTree = "<group>"; };
		9C06C5B7200F895E001A6A1C /* F2_Pepper_10.wav */ = {isa = PBXFileReference; lastKnownFileType = audio.wav; path = F2_Pepper_10.wav; sourceTree = "<group>"; };
		9C13D4DA202402C600515235 /* BigBridgeBattleController.swift */ = {isa = PBXFileReference; lastKnownFileType = sourcecode.swift; path = BigBridgeBattleController.swift; sourceTree = "<group>"; };
		9C1B829E1F9FADD300173FF3 /* ModelComponent.swift */ = {isa = PBXFileReference; lastKnownFileType = sourcecode.swift; path = ModelComponent.swift; sourceTree = "<group>"; };
		9C1B82A01FA0D09600173FF3 /* TrigonometryLib.swift */ = {isa = PBXFileReference; lastKnownFileType = sourcecode.swift; path = TrigonometryLib.swift; sourceTree = "<group>"; };
		9C1DD985202754CB00895923 /* PotatoEntity.swift */ = {isa = PBXFileReference; fileEncoding = 4; lastKnownFileType = sourcecode.swift; path = PotatoEntity.swift; sourceTree = "<group>"; };
		9C1DD986202754CB00895923 /* PotatoStateMachine.swift */ = {isa = PBXFileReference; fileEncoding = 4; lastKnownFileType = sourcecode.swift; path = PotatoStateMachine.swift; sourceTree = "<group>"; };
		9C1DD98920275C3000895923 /* PursueComponent.swift */ = {isa = PBXFileReference; fileEncoding = 4; lastKnownFileType = sourcecode.swift; path = PursueComponent.swift; sourceTree = "<group>"; };
		9C1E5D30200FD0FD0080AF92 /* acuteYeah.wav */ = {isa = PBXFileReference; lastKnownFileType = audio.wav; path = acuteYeah.wav; sourceTree = "<group>"; };
		9C1E5D32200FD4320080AF92 /* Rumors.wav */ = {isa = PBXFileReference; lastKnownFileType = audio.wav; path = Rumors.wav; sourceTree = "<group>"; };
		9C1E5D33200FD4320080AF92 /* WarriorAvocado.wav */ = {isa = PBXFileReference; lastKnownFileType = audio.wav; path = WarriorAvocado.wav; sourceTree = "<group>"; };
		9C2306842017652100B1240F /* LicenseAdds.swift */ = {isa = PBXFileReference; lastKnownFileType = sourcecode.swift; path = LicenseAdds.swift; sourceTree = "<group>"; };
		9C2FEE8B200D2801006A5274 /* Base */ = {isa = PBXFileReference; lastKnownFileType = file.sks; name = Base; path = Base.lproj/NewMissionOverlay.sks; sourceTree = "<group>"; };
		9C2FEE8D200D280C006A5274 /* pt-BR */ = {isa = PBXFileReference; lastKnownFileType = file.sks; name = "pt-BR"; path = "pt-BR.lproj/NewMissionOverlay.sks"; sourceTree = "<group>"; };
		9C2FEE8E200D2978006A5274 /* NewMissionOverlay.swift */ = {isa = PBXFileReference; lastKnownFileType = sourcecode.swift; path = NewMissionOverlay.swift; sourceTree = "<group>"; };
		9C2FEE91200D2C9D006A5274 /* MissionController.swift */ = {isa = PBXFileReference; lastKnownFileType = sourcecode.swift; path = MissionController.swift; sourceTree = "<group>"; };
		9C3ADB2620263D0F004360CF /* MemoryOptimizationController.swift */ = {isa = PBXFileReference; lastKnownFileType = sourcecode.swift; path = MemoryOptimizationController.swift; sourceTree = "<group>"; };
		9C3ADB2820264714004360CF /* SCNMath.swift */ = {isa = PBXFileReference; lastKnownFileType = sourcecode.swift; path = SCNMath.swift; sourceTree = "<group>"; };
		9C4806801FC88A2700168571 /* SinkComponent.swift */ = {isa = PBXFileReference; lastKnownFileType = sourcecode.swift; path = SinkComponent.swift; sourceTree = "<group>"; };
		9C4806841FCC504F00168571 /* splashingWater2.wav */ = {isa = PBXFileReference; lastKnownFileType = audio.wav; path = splashingWater2.wav; sourceTree = "<group>"; };
		9C6C53A820408FC20076F825 /* Base */ = {isa = PBXFileReference; lastKnownFileType = file.sks; name = Base; path = Base.lproj/GameOverOverlay.sks; sourceTree = "<group>"; };
		9C6C53AA20408FCB0076F825 /* pt-BR */ = {isa = PBXFileReference; lastKnownFileType = file.sks; name = "pt-BR"; path = "pt-BR.lproj/GameOverOverlay.sks"; sourceTree = "<group>"; };
		9C6C53AB20438ED00076F825 /* MenuController.swift */ = {isa = PBXFileReference; lastKnownFileType = sourcecode.swift; path = MenuController.swift; sourceTree = "<group>"; };
		9C6C53B1204487680076F825 /* MenuOverlay.sks */ = {isa = PBXFileReference; lastKnownFileType = file.sks; path = MenuOverlay.sks; sourceTree = "<group>"; };
		9C6C53B32044A1EC0076F825 /* MenuOverlay.swift */ = {isa = PBXFileReference; lastKnownFileType = sourcecode.swift; path = MenuOverlay.swift; sourceTree = "<group>"; };
		9C6D3DEA1F93252500B8FA2A /* Game.scnassets */ = {isa = PBXFileReference; lastKnownFileType = wrapper.scnassets; path = Game.scnassets; sourceTree = "<group>"; };
		9C774A621FE1997C00A388CC /* SubtitleController.swift */ = {isa = PBXFileReference; lastKnownFileType = sourcecode.swift; path = SubtitleController.swift; sourceTree = "<group>"; };
		9C774A641FE2314E00A388CC /* ControlsOverlay.sks */ = {isa = PBXFileReference; lastKnownFileType = file.sks; path = ControlsOverlay.sks; sourceTree = "<group>"; };
		9C7DE85F2028A7B600C4D2A2 /* cutscene3.mp4 */ = {isa = PBXFileReference; lastKnownFileType = file; path = cutscene3.mp4; sourceTree = "<group>"; };
		9C7DE8832029B19E00C4D2A2 /* cutscene2.srt */ = {isa = PBXFileReference; fileEncoding = 4; lastKnownFileType = text; path = cutscene2.srt; sourceTree = "<group>"; };
		9C7DE8842029B19F00C4D2A2 /* cutscene2_ptbr.srt */ = {isa = PBXFileReference; fileEncoding = 4; lastKnownFileType = text; path = cutscene2_ptbr.srt; sourceTree = "<group>"; };
		9C7DE8872029B38500C4D2A2 /* cutscene3_ptbr.srt */ = {isa = PBXFileReference; fileEncoding = 4; lastKnownFileType = text; path = cutscene3_ptbr.srt; sourceTree = "<group>"; };
		9C7DE8882029B38500C4D2A2 /* cutscene3.srt */ = {isa = PBXFileReference; fileEncoding = 4; lastKnownFileType = text; path = cutscene3.srt; sourceTree = "<group>"; };
		9C8CEBB4201E7BF100446C97 /* bridge.wav */ = {isa = PBXFileReference; lastKnownFileType = audio.wav; path = bridge.wav; sourceTree = "<group>"; };
		9C8CEBB6201F375700446C97 /* marching-concrete-loop.aiff */ = {isa = PBXFileReference; lastKnownFileType = audio.aiff; path = "marching-concrete-loop.aiff"; sourceTree = "<group>"; };
		9C8CEBB8201F39FB00446C97 /* Foot Stomp A.wav */ = {isa = PBXFileReference; lastKnownFileType = audio.wav; path = "Foot Stomp A.wav"; sourceTree = "<group>"; };
		9C8CEBBA201F4DBC00446C97 /* AttackOrder.wav */ = {isa = PBXFileReference; lastKnownFileType = audio.wav; path = AttackOrder.wav; sourceTree = "<group>"; };
		9C8CEBBB201F4DBC00446C97 /* GeneralSpeech.wav */ = {isa = PBXFileReference; lastKnownFileType = audio.wav; path = GeneralSpeech.wav; sourceTree = "<group>"; };
		9C991DA71FCC588A00DEE3D6 /* GameOver-Game_over.wav */ = {isa = PBXFileReference; lastKnownFileType = audio.wav; path = "GameOver-Game_over.wav"; sourceTree = "<group>"; };
		9C991DAC1FCC5CB500DEE3D6 /* FinishLevel-jingle-win-00.wav */ = {isa = PBXFileReference; lastKnownFileType = audio.wav; path = "FinishLevel-jingle-win-00.wav"; sourceTree = "<group>"; };
		9C991DB21FCC99DE00DEE3D6 /* AttackComponent.swift */ = {isa = PBXFileReference; lastKnownFileType = sourcecode.swift; path = AttackComponent.swift; sourceTree = "<group>"; };
		9C991DB71FCD9F5300DEE3D6 /* Yell - small-fairy-hit-moan.wav */ = {isa = PBXFileReference; lastKnownFileType = audio.wav; path = "Yell - small-fairy-hit-moan.wav"; sourceTree = "<group>"; };
		9CAF1BAF1FFFEB6000D9D70A /* RewardAdvertisement.swift */ = {isa = PBXFileReference; lastKnownFileType = sourcecode.swift; path = RewardAdvertisement.swift; sourceTree = "<group>"; };
		9CC26F641FD9369500292099 /* EntityCleanerComponent.swift */ = {isa = PBXFileReference; lastKnownFileType = sourcecode.swift; path = EntityCleanerComponent.swift; sourceTree = "<group>"; };
		9CC26F661FD95A5700292099 /* PowerLevelComponent.swift */ = {isa = PBXFileReference; lastKnownFileType = sourcecode.swift; path = PowerLevelComponent.swift; sourceTree = "<group>"; };
		9CC26F681FD960B300292099 /* AttackLimiterComponent.swift */ = {isa = PBXFileReference; lastKnownFileType = sourcecode.swift; path = AttackLimiterComponent.swift; sourceTree = "<group>"; };
		9CCC6B3220165903009937E6 /* WarDrumLoop.wav */ = {isa = PBXFileReference; lastKnownFileType = audio.wav; path = WarDrumLoop.wav; sourceTree = "<group>"; };
		9CD4917C200F9F90009EF2B0 /* cutscene2.mp4 */ = {isa = PBXFileReference; lastKnownFileType = file; path = cutscene2.mp4; sourceTree = "<group>"; };
		9CD4917E200FBAE5009EF2B0 /* Prisoner1.wav */ = {isa = PBXFileReference; lastKnownFileType = audio.wav; path = Prisoner1.wav; sourceTree = "<group>"; };
		9CD635A21FD8CEB90016CC7B /* PrisonerBox.swift */ = {isa = PBXFileReference; fileEncoding = 4; lastKnownFileType = sourcecode.swift; path = PrisonerBox.swift; sourceTree = "<group>"; };
		9CD635A41FD8CEDD0016CC7B /* TimeAlarmComponent.swift */ = {isa = PBXFileReference; fileEncoding = 4; lastKnownFileType = sourcecode.swift; path = TimeAlarmComponent.swift; sourceTree = "<group>"; };
		9CD635A51FD8CEDE0016CC7B /* DistanceAlarmComponent.swift */ = {isa = PBXFileReference; fileEncoding = 4; lastKnownFileType = sourcecode.swift; path = DistanceAlarmComponent.swift; sourceTree = "<group>"; };
		9CD854792008C611009C7218 /* CheckPointController.swift */ = {isa = PBXFileReference; lastKnownFileType = sourcecode.swift; path = CheckPointController.swift; sourceTree = "<group>"; };
		9CE0FF421FC765B9004AF735 /* SoundController.swift */ = {isa = PBXFileReference; fileEncoding = 4; lastKnownFileType = sourcecode.swift; path = SoundController.swift; sourceTree = "<group>"; };
		9CE0FF481FC854B1004AF735 /* splashingWater.wav */ = {isa = PBXFileReference; lastKnownFileType = audio.wav; path = splashingWater.wav; sourceTree = "<group>"; };
		9CE4A50A1FD08D3800A02DE5 /* F1_Pepper_1.wav */ = {isa = PBXFileReference; lastKnownFileType = audio.wav; path = F1_Pepper_1.wav; sourceTree = "<group>"; };
		9CE88A3020121DE100627D14 /* OverPotatoSceneController.swift */ = {isa = PBXFileReference; fileEncoding = 4; lastKnownFileType = sourcecode.swift; path = OverPotatoSceneController.swift; sourceTree = "<group>"; };
		AAAAED071FF2B9C9005E992F /* cutscene1_ptbr.srt */ = {isa = PBXFileReference; fileEncoding = 4; lastKnownFileType = text; path = cutscene1_ptbr.srt; sourceTree = "<group>"; };
		B0465F0B1FC444A1002B8FE8 /* SoundRandomComponent.swift */ = {isa = PBXFileReference; fileEncoding = 4; lastKnownFileType = sourcecode.swift; path = SoundRandomComponent.swift; sourceTree = "<group>"; };
		B0676A2F1FE143E30001BA27 /* MoveAlong.swift */ = {isa = PBXFileReference; fileEncoding = 4; lastKnownFileType = sourcecode.swift; path = MoveAlong.swift; sourceTree = "<group>"; };
		B06FCD691FD8EC6E00EFFA31 /* PotatoSpearEntity.swift */ = {isa = PBXFileReference; lastKnownFileType = sourcecode.swift; path = PotatoSpearEntity.swift; sourceTree = "<group>"; };
		B08B911D1FC4CABD00304E46 /* gameBackground.mp3 */ = {isa = PBXFileReference; lastKnownFileType = audio.mp3; path = gameBackground.mp3; sourceTree = "<group>"; };
		B08B91201FC4CCBE00304E46 /* SoundDistanceComponent.swift */ = {isa = PBXFileReference; lastKnownFileType = sourcecode.swift; path = SoundDistanceComponent.swift; sourceTree = "<group>"; };
		B095F5D11FE01FF100B4F386 /* TutorialFase1Overlay.swift */ = {isa = PBXFileReference; lastKnownFileType = sourcecode.swift; path = TutorialFase1Overlay.swift; sourceTree = "<group>"; };
		B095F5D31FE0240300B4F386 /* TutorialFase1State.swift */ = {isa = PBXFileReference; lastKnownFileType = sourcecode.swift; path = TutorialFase1State.swift; sourceTree = "<group>"; };
		CDEDAB54193D026F2A4A659F /* Pods-PepperJourney.debug.xcconfig */ = {isa = PBXFileReference; includeInIndex = 1; lastKnownFileType = text.xcconfig; name = "Pods-PepperJourney.debug.xcconfig"; path = "Pods/Target Support Files/Pods-PepperJourney/Pods-PepperJourney.debug.xcconfig"; sourceTree = "<group>"; };
		D20108871FBE11D9007660E3 /* ControlsOverlay.swift */ = {isa = PBXFileReference; fileEncoding = 4; lastKnownFileType = sourcecode.swift; name = ControlsOverlay.swift; path = PepperJourney/Overlays/ControlsOverlay.swift; sourceTree = SOURCE_ROOT; };
		D20108881FBE11D9007660E3 /* GameOverOverlay.swift */ = {isa = PBXFileReference; fileEncoding = 4; lastKnownFileType = sourcecode.swift; name = GameOverOverlay.swift; path = PepperJourney/Overlays/GameOverOverlay.swift; sourceTree = SOURCE_ROOT; };
		D201088A1FBE11D9007660E3 /* PauseOverlay.swift */ = {isa = PBXFileReference; fileEncoding = 4; lastKnownFileType = sourcecode.swift; name = PauseOverlay.swift; path = PepperJourney/Overlays/PauseOverlay.swift; sourceTree = SOURCE_ROOT; };
		D201088C1FBE11D9007660E3 /* StartOverlay.swift */ = {isa = PBXFileReference; fileEncoding = 4; lastKnownFileType = sourcecode.swift; name = StartOverlay.swift; path = PepperJourney/Overlays/StartOverlay.swift; sourceTree = SOURCE_ROOT; };
		D2050A7C1FCC99D9001EC7FE /* JumpButton.swift */ = {isa = PBXFileReference; lastKnownFileType = sourcecode.swift; path = JumpButton.swift; sourceTree = "<group>"; };
		D2050A7E1FCC9BD1001EC7FE /* AttackButton.swift */ = {isa = PBXFileReference; lastKnownFileType = sourcecode.swift; path = AttackButton.swift; sourceTree = "<group>"; };
		D207CFC41F8EA2D10084240E /* Dpad.swift */ = {isa = PBXFileReference; lastKnownFileType = sourcecode.swift; path = Dpad.swift; sourceTree = "<group>"; };
		D207CFC61F8EA5370084240E /* Stick.swift */ = {isa = PBXFileReference; lastKnownFileType = sourcecode.swift; path = Stick.swift; sourceTree = "<group>"; };
		D216F4ED1FEC10EF00F6059D /* cutscene1.srt */ = {isa = PBXFileReference; lastKnownFileType = text; path = cutscene1.srt; sourceTree = "<group>"; };
		D25160E41F93FA3400BF756A /* BaseState.swift */ = {isa = PBXFileReference; lastKnownFileType = sourcecode.swift; path = BaseState.swift; sourceTree = "<group>"; };
		D25160E71F93FB7F00BF756A /* RunningState.swift */ = {isa = PBXFileReference; lastKnownFileType = sourcecode.swift; path = RunningState.swift; sourceTree = "<group>"; };
		D25160E91F94063400BF756A /* SCNAnimationPlayer + Load Animation.swift */ = {isa = PBXFileReference; lastKnownFileType = sourcecode.swift; path = "SCNAnimationPlayer + Load Animation.swift"; sourceTree = "<group>"; };
		D25160EB1F940ACF00BF756A /* StandingState.swift */ = {isa = PBXFileReference; lastKnownFileType = sourcecode.swift; path = StandingState.swift; sourceTree = "<group>"; };
		D25160ED1F940B0C00BF756A /* JumpingState.swift */ = {isa = PBXFileReference; lastKnownFileType = sourcecode.swift; path = JumpingState.swift; sourceTree = "<group>"; };
		D25AD5A51F87E1B100F2093E /* PadOverlay.swift */ = {isa = PBXFileReference; lastKnownFileType = sourcecode.swift; path = PadOverlay.swift; sourceTree = "<group>"; };
		D25AD5AB1F87EAC800F2093E /* GameController.swift */ = {isa = PBXFileReference; lastKnownFileType = sourcecode.swift; path = GameController.swift; sourceTree = "<group>"; };
		D25AD5AD1F87ECF900F2093E /* Character.swift */ = {isa = PBXFileReference; lastKnownFileType = sourcecode.swift; path = Character.swift; sourceTree = "<group>"; };
		D25AD5B01F8809DE00F2093E /* SceneKit.framework */ = {isa = PBXFileReference; lastKnownFileType = wrapper.framework; name = SceneKit.framework; path = System/Library/Frameworks/SceneKit.framework; sourceTree = SDKROOT; };
		D25AD5B21F8809E500F2093E /* GameKit.framework */ = {isa = PBXFileReference; lastKnownFileType = wrapper.framework; name = GameKit.framework; path = System/Library/Frameworks/GameKit.framework; sourceTree = SDKROOT; };
		D25BAE211FC60443000ED0EC /* SettingsOverlay.sks */ = {isa = PBXFileReference; lastKnownFileType = file.sks; name = SettingsOverlay.sks; path = PepperJourney/Overlays/SettingsOverlay.sks; sourceTree = SOURCE_ROOT; };
		D25BAE251FC60864000ED0EC /* SettingsOverlay.swift */ = {isa = PBXFileReference; lastKnownFileType = sourcecode.swift; path = SettingsOverlay.swift; sourceTree = "<group>"; };
		D26035F01FCDC57B00E4F069 /* FinishOverlay.swift */ = {isa = PBXFileReference; lastKnownFileType = sourcecode.swift; path = FinishOverlay.swift; sourceTree = "<group>"; };
		D26035F21FCDC66C00E4F069 /* CGPoint+FromUIView.swift */ = {isa = PBXFileReference; lastKnownFileType = sourcecode.swift; path = "CGPoint+FromUIView.swift"; sourceTree = "<group>"; };
		D26035F51FCDDB4100E4F069 /* cutscene1.mp4 */ = {isa = PBXFileReference; lastKnownFileType = file; path = cutscene1.mp4; sourceTree = "<group>"; };
		D26610171FD5B831006B1455 /* CameraControl.swift */ = {isa = PBXFileReference; lastKnownFileType = sourcecode.swift; path = CameraControl.swift; sourceTree = "<group>"; };
		D26610191FD5BD55006B1455 /* UIColor+NewColors.swift */ = {isa = PBXFileReference; lastKnownFileType = sourcecode.swift; path = "UIColor+NewColors.swift"; sourceTree = "<group>"; };
		D266101B1FD5DEE0006B1455 /* Controls.swift */ = {isa = PBXFileReference; lastKnownFileType = sourcecode.swift; path = Controls.swift; sourceTree = "<group>"; };
		D26D7B681FD952D700CCA3C1 /* LifeComponent.swift */ = {isa = PBXFileReference; lastKnownFileType = sourcecode.swift; path = LifeComponent.swift; sourceTree = "<group>"; };
		D26FCCFD1FC88640003EBFDF /* jump.wav */ = {isa = PBXFileReference; lastKnownFileType = audio.wav; path = jump.wav; sourceTree = "<group>"; };
		D2719D8F1FA0EBDA00FCB61F /* AnimationType.swift */ = {isa = PBXFileReference; lastKnownFileType = sourcecode.swift; path = AnimationType.swift; sourceTree = "<group>"; };
		D28623B41FA3AF5F00691E83 /* GameBaseState.swift */ = {isa = PBXFileReference; lastKnownFileType = sourcecode.swift; path = GameBaseState.swift; sourceTree = "<group>"; };
		D28623B61FA3AFB600691E83 /* PauseState.swift */ = {isa = PBXFileReference; lastKnownFileType = sourcecode.swift; path = PauseState.swift; sourceTree = "<group>"; };
		D28623B81FA3B00200691E83 /* PlayState.swift */ = {isa = PBXFileReference; lastKnownFileType = sourcecode.swift; path = PlayState.swift; sourceTree = "<group>"; };
		D2863F211FA14761004CCCDC /* JumpingMoveState.swift */ = {isa = PBXFileReference; lastKnownFileType = sourcecode.swift; path = JumpingMoveState.swift; sourceTree = "<group>"; };
		D291BB531F8E976A00B2D111 /* SimdExtensions.swift */ = {isa = PBXFileReference; lastKnownFileType = sourcecode.swift; path = SimdExtensions.swift; sourceTree = "<group>"; };
		D2983A361FF2C0A500979A52 /* Base */ = {isa = PBXFileReference; lastKnownFileType = file.sks; name = Base; path = Base.lproj/FinishOverlay.sks; sourceTree = "<group>"; };
		D2983A371FF2C10800979A52 /* pt-BR */ = {isa = PBXFileReference; lastKnownFileType = text.plist.strings; name = "pt-BR"; path = "pt-BR.lproj/Main.strings"; sourceTree = "<group>"; };
		D2983A381FF2C10800979A52 /* pt-BR */ = {isa = PBXFileReference; lastKnownFileType = text.plist.strings; name = "pt-BR"; path = "pt-BR.lproj/LaunchScreen.strings"; sourceTree = "<group>"; };
		D2983A3A1FF2C72100979A52 /* pt-BR */ = {isa = PBXFileReference; lastKnownFileType = file.sks; name = "pt-BR"; path = "pt-BR.lproj/FinishOverlay.sks"; sourceTree = "<group>"; };
		D2983A411FF2C8AE00979A52 /* Base */ = {isa = PBXFileReference; lastKnownFileType = file.sks; name = Base; path = Base.lproj/PauseOverlay.sks; sourceTree = "<group>"; };
		D2983A431FF2C8B200979A52 /* pt-BR */ = {isa = PBXFileReference; lastKnownFileType = file.sks; name = "pt-BR"; path = "pt-BR.lproj/PauseOverlay.sks"; sourceTree = "<group>"; };
		D2983A451FF2C8E300979A52 /* Base */ = {isa = PBXFileReference; lastKnownFileType = file.sks; name = Base; path = Base.lproj/StartOverlay.sks; sourceTree = "<group>"; };
		D2983A471FF2C8F100979A52 /* pt-BR */ = {isa = PBXFileReference; lastKnownFileType = file.sks; name = "pt-BR"; path = "pt-BR.lproj/StartOverlay.sks"; sourceTree = "<group>"; };
		D2983A491FF2C93900979A52 /* Base */ = {isa = PBXFileReference; lastKnownFileType = file.sks; name = Base; path = Base.lproj/TutorialFase1Overlay.sks; sourceTree = "<group>"; };
		D2983A4B1FF2C93B00979A52 /* pt-BR */ = {isa = PBXFileReference; lastKnownFileType = file.sks; name = "pt-BR"; path = "pt-BR.lproj/TutorialFase1Overlay.sks"; sourceTree = "<group>"; };
		D2983A511FF2CA5300979A52 /* Base */ = {isa = PBXFileReference; lastKnownFileType = text.plist.strings; name = Base; path = Base.lproj/Localizable.strings; sourceTree = "<group>"; };
		D2983A521FF2CA5B00979A52 /* pt-BR */ = {isa = PBXFileReference; lastKnownFileType = text.plist.strings; name = "pt-BR"; path = "pt-BR.lproj/Localizable.strings"; sourceTree = "<group>"; };
		D2983A531FF2CBAA00979A52 /* String+Localized.swift */ = {isa = PBXFileReference; lastKnownFileType = sourcecode.swift; path = "String+Localized.swift"; sourceTree = "<group>"; };
		D2A584331FDEF71200082174 /* AttackState.swift */ = {isa = PBXFileReference; lastKnownFileType = sourcecode.swift; path = AttackState.swift; sourceTree = "<group>"; };
		D2B8BBB71FBB64D70042F873 /* Burrito.TTF */ = {isa = PBXFileReference; lastKnownFileType = file; path = Burrito.TTF; sourceTree = "<group>"; };
		D2C7654B1FD0782000EC7D9B /* VideoStoryboard.storyboard */ = {isa = PBXFileReference; lastKnownFileType = file.storyboard; path = VideoStoryboard.storyboard; sourceTree = "<group>"; };
		D2C7654E1FD0891100EC7D9B /* VideoViewController.swift */ = {isa = PBXFileReference; lastKnownFileType = sourcecode.swift; path = VideoViewController.swift; sourceTree = "<group>"; };
		D2DDAD511FBA2913009FA2B0 /* GameOptions.swift */ = {isa = PBXFileReference; lastKnownFileType = sourcecode.swift; path = GameOptions.swift; sourceTree = "<group>"; };
		D2E0A8971F993B5D00FCC255 /* JumpComponent.swift */ = {isa = PBXFileReference; lastKnownFileType = sourcecode.swift; path = JumpComponent.swift; sourceTree = "<group>"; };
		D2EC85791F83F1240093F009 /* PepperJourney.app */ = {isa = PBXFileReference; explicitFileType = wrapper.application; includeInIndex = 0; path = PepperJourney.app; sourceTree = BUILT_PRODUCTS_DIR; };
		D2EC857C1F83F1240093F009 /* AppDelegate.swift */ = {isa = PBXFileReference; lastKnownFileType = sourcecode.swift; path = AppDelegate.swift; sourceTree = "<group>"; };
		D2EC85801F83F1240093F009 /* GameViewController.swift */ = {isa = PBXFileReference; lastKnownFileType = sourcecode.swift; path = GameViewController.swift; sourceTree = "<group>"; };
		D2EC85831F83F1240093F009 /* Base */ = {isa = PBXFileReference; lastKnownFileType = file.storyboard; name = Base; path = Base.lproj/Main.storyboard; sourceTree = "<group>"; };
		D2EC85851F83F1240093F009 /* Assets.xcassets */ = {isa = PBXFileReference; lastKnownFileType = folder.assetcatalog; path = Assets.xcassets; sourceTree = "<group>"; };
		D2EC85881F83F1240093F009 /* Base */ = {isa = PBXFileReference; lastKnownFileType = file.storyboard; name = Base; path = Base.lproj/LaunchScreen.storyboard; sourceTree = "<group>"; };
		D2EC858A1F83F1240093F009 /* Info.plist */ = {isa = PBXFileReference; lastKnownFileType = text.plist.xml; path = Info.plist; sourceTree = "<group>"; };
		D2F53D741F9A88FF00422F24 /* WalkingState.swift */ = {isa = PBXFileReference; lastKnownFileType = sourcecode.swift; path = WalkingState.swift; sourceTree = "<group>"; };
		D2FBD29D1FE1900900F47A9F /* EnemyGeneratorSystem.swift */ = {isa = PBXFileReference; fileEncoding = 4; lastKnownFileType = sourcecode.swift; path = EnemyGeneratorSystem.swift; sourceTree = "<group>"; };
		D2FBD29F1FE19D3600F47A9F /* SKButton.swift */ = {isa = PBXFileReference; lastKnownFileType = sourcecode.swift; path = SKButton.swift; sourceTree = "<group>"; };
		F1F5605B77443234249D458A /* Pods-PepperJourney.release.xcconfig */ = {isa = PBXFileReference; includeInIndex = 1; lastKnownFileType = text.xcconfig; name = "Pods-PepperJourney.release.xcconfig"; path = "Pods/Target Support Files/Pods-PepperJourney/Pods-PepperJourney.release.xcconfig"; sourceTree = "<group>"; };
		FB9DF5DA0F7A09F704C22504 /* Pods_PepperJourney.framework */ = {isa = PBXFileReference; explicitFileType = wrapper.framework; includeInIndex = 0; path = Pods_PepperJourney.framework; sourceTree = BUILT_PRODUCTS_DIR; };
/* End PBXFileReference section */

/* Begin PBXFrameworksBuildPhase section */
		D2EC85761F83F1240093F009 /* Frameworks */ = {
			isa = PBXFrameworksBuildPhase;
			buildActionMask = 2147483647;
			files = (
				D25AD5B31F8809E500F2093E /* GameKit.framework in Frameworks */,
				D25AD5B11F8809DE00F2093E /* SceneKit.framework in Frameworks */,
				8161761BA21974BC4B48BAC5 /* Pods_PepperJourney.framework in Frameworks */,
			);
			runOnlyForDeploymentPostprocessing = 0;
		};
/* End PBXFrameworksBuildPhase section */

/* Begin PBXGroup section */
		74DFD999A616317BB7F900DE /* Pods */ = {
			isa = PBXGroup;
			children = (
				CDEDAB54193D026F2A4A659F /* Pods-PepperJourney.debug.xcconfig */,
				F1F5605B77443234249D458A /* Pods-PepperJourney.release.xcconfig */,
			);
			name = Pods;
			sourceTree = "<group>";
		};
		9C06C566200F8887001A6A1C /* Fase2 */ = {
			isa = PBXGroup;
			children = (
				9C8CEBBA201F4DBC00446C97 /* AttackOrder.wav */,
				9C8CEBBB201F4DBC00446C97 /* GeneralSpeech.wav */,
				9C8CEBB8201F39FB00446C97 /* Foot Stomp A.wav */,
				9C8CEBB6201F375700446C97 /* marching-concrete-loop.aiff */,
				9C8CEBB4201E7BF100446C97 /* bridge.wav */,
				9CCC6B3220165903009937E6 /* WarDrumLoop.wav */,
				9C1E5D33200FD4320080AF92 /* WarriorAvocado.wav */,
				9C1E5D32200FD4320080AF92 /* Rumors.wav */,
				9C1E5D30200FD0FD0080AF92 /* acuteYeah.wav */,
				9CD4917E200FBAE5009EF2B0 /* Prisoner1.wav */,
				9C06C5B1200F895D001A6A1C /* F2_Pepper_1.wav */,
				9C06C5B4200F895D001A6A1C /* F2_Pepper_4.wav */,
				9C06C5AF200F895D001A6A1C /* F2_Pepper_5.wav */,
				9C06C5B0200F895D001A6A1C /* F2_Pepper_6.wav */,
				9C06C5B5200F895D001A6A1C /* F2_Pepper_7.wav */,
				9C06C5B6200F895D001A6A1C /* F2_Pepper_8.wav */,
				9C06C5AB200F895C001A6A1C /* F2_Pepper_9.wav */,
				9C06C5B7200F895E001A6A1C /* F2_Pepper_10.wav */,
				9C06C5A9200F895C001A6A1C /* F2_Pepper_11.wav */,
				9C06C5A8200F895C001A6A1C /* F2_Pepper_12.wav */,
				9C06C5AC200F895C001A6A1C /* F2_Pepper_13.wav */,
				9C06C5B2200F895D001A6A1C /* F2_Pepper_14.wav */,
				9C06C5B3200F895D001A6A1C /* F2_Pepper_15.wav */,
				9C06C5AD200F895D001A6A1C /* F2_Potato_1.wav */,
			);
			path = Fase2;
			sourceTree = "<group>";
		};
		9C1DD984202754BD00895923 /* potato */ = {
			isa = PBXGroup;
			children = (
				9C1DD985202754CB00895923 /* PotatoEntity.swift */,
				9C1DD986202754CB00895923 /* PotatoStateMachine.swift */,
				D2FBD29D1FE1900900F47A9F /* EnemyGeneratorSystem.swift */,
				B06FCD691FD8EC6E00EFFA31 /* PotatoSpearEntity.swift */,
			);
			path = potato;
			sourceTree = "<group>";
		};
		9C2306862017656C00B1240F /* Licenses */ = {
			isa = PBXGroup;
			children = (
				9C2306842017652100B1240F /* LicenseAdds.swift */,
			);
			path = Licenses;
			sourceTree = "<group>";
		};
		9C2FEE90200D2C89006A5274 /* Level2 */ = {
			isa = PBXGroup;
			children = (
				9CE88A3020121DE100627D14 /* OverPotatoSceneController.swift */,
				9CD635A21FD8CEB90016CC7B /* PrisonerBox.swift */,
				9C2FEE91200D2C9D006A5274 /* MissionController.swift */,
				9C13D4DA202402C600515235 /* BigBridgeBattleController.swift */,
				9C3ADB2620263D0F004360CF /* MemoryOptimizationController.swift */,
			);
			path = Level2;
			sourceTree = "<group>";
		};
		9C774A611FE1996200A388CC /* Controllers */ = {
			isa = PBXGroup;
			children = (
				9C2FEE90200D2C89006A5274 /* Level2 */,
				D25AD5AB1F87EAC800F2093E /* GameController.swift */,
				D2EC85801F83F1240093F009 /* GameViewController.swift */,
				9C0350F51FD59EA800970006 /* Fase1GameController.swift */,
				9C0350F71FD59ED200970006 /* Fase2GameController.swift */,
				9C6C53AB20438ED00076F825 /* MenuController.swift */,
				D2C7654E1FD0891100EC7D9B /* VideoViewController.swift */,
				9CAF1BAF1FFFEB6000D9D70A /* RewardAdvertisement.swift */,
				9C774A621FE1997C00A388CC /* SubtitleController.swift */,
				9CE0FF421FC765B9004AF735 /* SoundController.swift */,
				9CD854792008C611009C7218 /* CheckPointController.swift */,
			);
			path = Controllers;
			sourceTree = "<group>";
		};
		9CE0FF411FC7656E004AF735 /* Sounds */ = {
			isa = PBXGroup;
			children = (
				B0465F0B1FC444A1002B8FE8 /* SoundRandomComponent.swift */,
				B08B91201FC4CCBE00304E46 /* SoundDistanceComponent.swift */,
			);
			path = Sounds;
			sourceTree = "<group>";
		};
		9CFDF86D1F9A34E5009385A7 /* Utils */ = {
			isa = PBXGroup;
			children = (
				B0676A2F1FE143E30001BA27 /* MoveAlong.swift */,
				D25160E91F94063400BF756A /* SCNAnimationPlayer + Load Animation.swift */,
				D291BB531F8E976A00B2D111 /* SimdExtensions.swift */,
				9C1B82A01FA0D09600173FF3 /* TrigonometryLib.swift */,
				D26035F21FCDC66C00E4F069 /* CGPoint+FromUIView.swift */,
				D26610191FD5BD55006B1455 /* UIColor+NewColors.swift */,
				D2983A531FF2CBAA00979A52 /* String+Localized.swift */,
				9C3ADB2820264714004360CF /* SCNMath.swift */,
			);
			path = Utils;
			sourceTree = "<group>";
		};
		9CFDF86E1F9A36C6009385A7 /* Entities */ = {
			isa = PBXGroup;
			children = (
				9C1DD984202754BD00895923 /* potato */,
				D25160E31F93FA0800BF756A /* Character */,
				D2719D8F1FA0EBDA00FCB61F /* AnimationType.swift */,
			);
			path = Entities;
			sourceTree = "<group>";
		};
		B0465F171FC4C743002B8FE8 /* Sounds */ = {
			isa = PBXGroup;
			children = (
				9C06C566200F8887001A6A1C /* Fase2 */,
				B06FCD541FD05E1400EFFA31 /* Fase1 */,
				9C991DB71FCD9F5300DEE3D6 /* Yell - small-fairy-hit-moan.wav */,
				9C991DAC1FCC5CB500DEE3D6 /* FinishLevel-jingle-win-00.wav */,
				9C991DA71FCC588A00DEE3D6 /* GameOver-Game_over.wav */,
				9CE0FF481FC854B1004AF735 /* splashingWater.wav */,
				9C4806841FCC504F00168571 /* splashingWater2.wav */,
				D26FCCFD1FC88640003EBFDF /* jump.wav */,
				B08B911D1FC4CABD00304E46 /* gameBackground.mp3 */,
			);
			path = Sounds;
			sourceTree = "<group>";
		};
		B06FCD541FD05E1400EFFA31 /* Fase1 */ = {
			isa = PBXGroup;
			children = (
				9C0350ED1FD0A69700970006 /* F1_Pepper_2.wav */,
				9C0350E11FD0A52700970006 /* F1_Pepper_3.wav */,
				9C0350EF1FD0D4E900970006 /* F1_Pepper_5.wav */,
				9C0350F01FD0D4EA00970006 /* F1_Potato_2.wav */,
				9C0350E41FD0A52800970006 /* F1_Pepper_4.wav */,
				9C0350E21FD0A52700970006 /* F1_Potato_1.wav */,
				9CE4A50A1FD08D3800A02DE5 /* F1_Pepper_1.wav */,
			);
			path = Fase1;
			sourceTree = "<group>";
		};
		D20108841FBE11BE007660E3 /* Overlays */ = {
			isa = PBXGroup;
			children = (
				D2983A351FF2C09F00979A52 /* FinishOverlay.sks */,
				D26035F01FCDC57B00E4F069 /* FinishOverlay.swift */,
				9C6C53A920408FC20076F825 /* GameOverOverlay.sks */,
				D20108881FBE11D9007660E3 /* GameOverOverlay.swift */,
				D25BAE211FC60443000ED0EC /* SettingsOverlay.sks */,
				D25BAE251FC60864000ED0EC /* SettingsOverlay.swift */,
				D2983A421FF2C8AE00979A52 /* PauseOverlay.sks */,
				D201088A1FBE11D9007660E3 /* PauseOverlay.swift */,
				D2983A461FF2C8E300979A52 /* StartOverlay.sks */,
				D201088C1FBE11D9007660E3 /* StartOverlay.swift */,
				9C774A641FE2314E00A388CC /* ControlsOverlay.sks */,
				D20108871FBE11D9007660E3 /* ControlsOverlay.swift */,
				D2983A4A1FF2C93900979A52 /* TutorialFase1Overlay.sks */,
				B095F5D11FE01FF100B4F386 /* TutorialFase1Overlay.swift */,
				D2FBD29F1FE19D3600F47A9F /* SKButton.swift */,
				9C2FEE8C200D2801006A5274 /* NewMissionOverlay.sks */,
				9C2FEE8E200D2978006A5274 /* NewMissionOverlay.swift */,
				9C6C53B1204487680076F825 /* MenuOverlay.sks */,
				9C6C53B32044A1EC0076F825 /* MenuOverlay.swift */,
			);
			name = Overlays;
			path = "New Group";
			sourceTree = "<group>";
		};
		D25160E31F93FA0800BF756A /* Character */ = {
			isa = PBXGroup;
			children = (
				D25AD5AD1F87ECF900F2093E /* Character.swift */,
				D25160E61F93FB6A00BF756A /* States */,
			);
			path = Character;
			sourceTree = "<group>";
		};
		D25160E61F93FB6A00BF756A /* States */ = {
			isa = PBXGroup;
			children = (
				D25160E41F93FA3400BF756A /* BaseState.swift */,
				D2A584331FDEF71200082174 /* AttackState.swift */,
				D25160E71F93FB7F00BF756A /* RunningState.swift */,
				D25160EB1F940ACF00BF756A /* StandingState.swift */,
				D25160ED1F940B0C00BF756A /* JumpingState.swift */,
				D2F53D741F9A88FF00422F24 /* WalkingState.swift */,
				D2863F211FA14761004CCCDC /* JumpingMoveState.swift */,
			);
			path = States;
			sourceTree = "<group>";
		};
		D25AD5AF1F8809DD00F2093E /* Frameworks */ = {
			isa = PBXGroup;
			children = (
				D25AD5B21F8809E500F2093E /* GameKit.framework */,
				D25AD5B01F8809DE00F2093E /* SceneKit.framework */,
				FB9DF5DA0F7A09F704C22504 /* Pods_PepperJourney.framework */,
			);
			name = Frameworks;
			sourceTree = "<group>";
		};
		D26035F41FCDDB2F00E4F069 /* Videos */ = {
			isa = PBXGroup;
			children = (
				9C7DE8872029B38500C4D2A2 /* cutscene3_ptbr.srt */,
				9C7DE8882029B38500C4D2A2 /* cutscene3.srt */,
				9C7DE8842029B19F00C4D2A2 /* cutscene2_ptbr.srt */,
				9C7DE8832029B19E00C4D2A2 /* cutscene2.srt */,
				9C7DE85F2028A7B600C4D2A2 /* cutscene3.mp4 */,
				9CD4917C200F9F90009EF2B0 /* cutscene2.mp4 */,
				D26035F51FCDDB4100E4F069 /* cutscene1.mp4 */,
				AAAAED071FF2B9C9005E992F /* cutscene1_ptbr.srt */,
				D216F4ED1FEC10EF00F6059D /* cutscene1.srt */,
			);
			path = Videos;
			sourceTree = "<group>";
		};
		D28623B31FA3AF3300691E83 /* GameState */ = {
			isa = PBXGroup;
			children = (
				D28623B41FA3AF5F00691E83 /* GameBaseState.swift */,
				D28623B61FA3AFB600691E83 /* PauseState.swift */,
				D28623B81FA3B00200691E83 /* PlayState.swift */,
				B095F5D31FE0240300B4F386 /* TutorialFase1State.swift */,
			);
			path = GameState;
			sourceTree = "<group>";
		};
		D2B8BBB61FBB648B0042F873 /* Fonts */ = {
			isa = PBXGroup;
			children = (
				D2B8BBB71FBB64D70042F873 /* Burrito.TTF */,
			);
			path = Fonts;
			sourceTree = "<group>";
		};
		D2E0A8961F993B4800FCC255 /* Components */ = {
			isa = PBXGroup;
			children = (
				9C1DD98920275C3000895923 /* PursueComponent.swift */,
				9CE0FF411FC7656E004AF735 /* Sounds */,
				9CD635A51FD8CEDE0016CC7B /* DistanceAlarmComponent.swift */,
				9CD635A41FD8CEDD0016CC7B /* TimeAlarmComponent.swift */,
				D2E0A8971F993B5D00FCC255 /* JumpComponent.swift */,
				9C1B829E1F9FADD300173FF3 /* ModelComponent.swift */,
				9C4806801FC88A2700168571 /* SinkComponent.swift */,
				D26D7B681FD952D700CCA3C1 /* LifeComponent.swift */,
				9C991DB21FCC99DE00DEE3D6 /* AttackComponent.swift */,
				9CC26F641FD9369500292099 /* EntityCleanerComponent.swift */,
				9CC26F661FD95A5700292099 /* PowerLevelComponent.swift */,
				9CC26F681FD960B300292099 /* AttackLimiterComponent.swift */,
			);
			path = Components;
			sourceTree = "<group>";
		};
		D2EC85701F83F1240093F009 = {
			isa = PBXGroup;
			children = (
				D2EC857B1F83F1240093F009 /* PepperJourney */,
				D2EC857A1F83F1240093F009 /* Products */,
				D25AD5AF1F8809DD00F2093E /* Frameworks */,
				74DFD999A616317BB7F900DE /* Pods */,
			);
			sourceTree = "<group>";
		};
		D2EC857A1F83F1240093F009 /* Products */ = {
			isa = PBXGroup;
			children = (
				D2EC85791F83F1240093F009 /* PepperJourney.app */,
			);
			name = Products;
			sourceTree = "<group>";
		};
		D2EC857B1F83F1240093F009 /* PepperJourney */ = {
			isa = PBXGroup;
			children = (
				9C2306862017656C00B1240F /* Licenses */,
				D2983A501FF2CA4E00979A52 /* Localizable.strings */,
				9C774A611FE1996200A388CC /* Controllers */,
				D26035F41FCDDB2F00E4F069 /* Videos */,
				B0465F171FC4C743002B8FE8 /* Sounds */,
				D20108841FBE11BE007660E3 /* Overlays */,
				D2B8BBB61FBB648B0042F873 /* Fonts */,
				D28623B31FA3AF3300691E83 /* GameState */,
				9C03A2411F9A33DD008F191A /* EntityManager.swift */,
				9CFDF86E1F9A36C6009385A7 /* Entities */,
				D2E0A8961F993B4800FCC255 /* Components */,
				9CFDF86D1F9A34E5009385A7 /* Utils */,
				D2EC85901F83F6D60093F009 /* iOSControls */,
				9C6D3DEA1F93252500B8FA2A /* Game.scnassets */,
				D2EC85851F83F1240093F009 /* Assets.xcassets */,
				D2C7654B1FD0782000EC7D9B /* VideoStoryboard.storyboard */,
				D2EC857C1F83F1240093F009 /* AppDelegate.swift */,
				D2DDAD511FBA2913009FA2B0 /* GameOptions.swift */,
				D2EC85821F83F1240093F009 /* Main.storyboard */,
				D2EC85871F83F1240093F009 /* LaunchScreen.storyboard */,
				D2EC858A1F83F1240093F009 /* Info.plist */,
			);
			path = PepperJourney;
			sourceTree = "<group>";
		};
		D2EC85901F83F6D60093F009 /* iOSControls */ = {
			isa = PBXGroup;
			children = (
				D25AD5A51F87E1B100F2093E /* PadOverlay.swift */,
				D207CFC41F8EA2D10084240E /* Dpad.swift */,
				D207CFC61F8EA5370084240E /* Stick.swift */,
				D2050A7C1FCC99D9001EC7FE /* JumpButton.swift */,
				D2050A7E1FCC9BD1001EC7FE /* AttackButton.swift */,
				D26610171FD5B831006B1455 /* CameraControl.swift */,
				D266101B1FD5DEE0006B1455 /* Controls.swift */,
			);
			path = iOSControls;
			sourceTree = "<group>";
		};
/* End PBXGroup section */

/* Begin PBXNativeTarget section */
		D2EC85781F83F1240093F009 /* PepperJourney */ = {
			isa = PBXNativeTarget;
			buildConfigurationList = D2EC858D1F83F1240093F009 /* Build configuration list for PBXNativeTarget "PepperJourney" */;
			buildPhases = (
				0578BEFA110F4F75158C4202 /* [CP] Check Pods Manifest.lock */,
				D2EC85751F83F1240093F009 /* Sources */,
				D2EC85761F83F1240093F009 /* Frameworks */,
				D2EC85771F83F1240093F009 /* Resources */,
				672E8D6E871DDC3B64826583 /* [CP] Embed Pods Frameworks */,
				170788B227114C8BD217D750 /* [CP] Copy Pods Resources */,
			);
			buildRules = (
			);
			dependencies = (
			);
			name = PepperJourney;
			productName = PepperJourney;
			productReference = D2EC85791F83F1240093F009 /* PepperJourney.app */;
			productType = "com.apple.product-type.application";
		};
/* End PBXNativeTarget section */

/* Begin PBXProject section */
		D2EC85711F83F1240093F009 /* Project object */ = {
			isa = PBXProject;
			attributes = {
				LastSwiftUpdateCheck = 0900;
				LastUpgradeCheck = 0900;
				ORGANIZATIONNAME = "Valmir Junior";
				TargetAttributes = {
					D2EC85781F83F1240093F009 = {
						CreatedOnToolsVersion = 9.0;
						ProvisioningStyle = Automatic;
					};
				};
			};
			buildConfigurationList = D2EC85741F83F1240093F009 /* Build configuration list for PBXProject "PepperJourney" */;
			compatibilityVersion = "Xcode 8.0";
			developmentRegion = en;
			hasScannedForEncodings = 0;
			knownRegions = (
				en,
				Base,
				"pt-BR",
			);
			mainGroup = D2EC85701F83F1240093F009;
			productRefGroup = D2EC857A1F83F1240093F009 /* Products */;
			projectDirPath = "";
			projectRoot = "";
			targets = (
				D2EC85781F83F1240093F009 /* PepperJourney */,
			);
		};
/* End PBXProject section */

/* Begin PBXResourcesBuildPhase section */
		D2EC85771F83F1240093F009 /* Resources */ = {
			isa = PBXResourcesBuildPhase;
			buildActionMask = 2147483647;
			files = (
				9C6C53B2204487680076F825 /* MenuOverlay.sks in Resources */,
				9C0350E71FD0A52800970006 /* F1_Pepper_3.wav in Resources */,
				9CE4A50B1FD08D3800A02DE5 /* F1_Pepper_1.wav in Resources */,
				9C1E5D34200FD4320080AF92 /* Rumors.wav in Resources */,
				D2EC85891F83F1240093F009 /* LaunchScreen.storyboard in Resources */,
				D2983A481FF2C93900979A52 /* TutorialFase1Overlay.sks in Resources */,
				9C06C5C2200F895E001A6A1C /* F2_Pepper_1.wav in Resources */,
				D26FCCFE1FC88640003EBFDF /* jump.wav in Resources */,
				9C991DB91FCD9F5300DEE3D6 /* Yell - small-fairy-hit-moan.wav in Resources */,
				9C06C5C7200F895E001A6A1C /* F2_Pepper_8.wav in Resources */,
				D2C7654C1FD0782000EC7D9B /* VideoStoryboard.storyboard in Resources */,
				9C8CEBB9201F39FC00446C97 /* Foot Stomp A.wav in Resources */,
				9C991DAA1FCC588B00DEE3D6 /* GameOver-Game_over.wav in Resources */,
				9C7DE8862029B19F00C4D2A2 /* cutscene2_ptbr.srt in Resources */,
				9C06C5BA200F895E001A6A1C /* F2_Pepper_11.wav in Resources */,
				9C6D3DEB1F93252A00B8FA2A /* Game.scnassets in Resources */,
				9C1E5D35200FD4320080AF92 /* WarriorAvocado.wav in Resources */,
				D216F4EE1FEC10EF00F6059D /* cutscene1.srt in Resources */,
				AAAAED081FF2B9C9005E992F /* cutscene1_ptbr.srt in Resources */,
				9CD4917F200FBAE5009EF2B0 /* Prisoner1.wav in Resources */,
				9C774A651FE2314E00A388CC /* ControlsOverlay.sks in Resources */,
				D2983A441FF2C8E300979A52 /* StartOverlay.sks in Resources */,
				9C8CEBB5201E7BF200446C97 /* bridge.wav in Resources */,
				D2983A4E1FF2CA4E00979A52 /* Localizable.strings in Resources */,
				B08B911F1FC4CABD00304E46 /* gameBackground.mp3 in Resources */,
				9C0350F21FD0D4EA00970006 /* F1_Potato_2.wav in Resources */,
				9C06C5BD200F895E001A6A1C /* F2_Pepper_13.wav in Resources */,
				9C06C5BE200F895E001A6A1C /* F2_Potato_1.wav in Resources */,
				9C991DAF1FCC5CB600DEE3D6 /* FinishLevel-jingle-win-00.wav in Resources */,
				9C2FEE8A200D2801006A5274 /* NewMissionOverlay.sks in Resources */,
				D26035F61FCDE53D00E4F069 /* cutscene1.mp4 in Resources */,
				D2EC85861F83F1240093F009 /* Assets.xcassets in Resources */,
				9C06C5BC200F895E001A6A1C /* F2_Pepper_9.wav in Resources */,
				9CD4917D200F9F91009EF2B0 /* cutscene2.mp4 in Resources */,
				9C0350EE1FD0A69800970006 /* F1_Pepper_2.wav in Resources */,
				9C1E5D31200FD0FE0080AF92 /* acuteYeah.wav in Resources */,
				D2EC85841F83F1240093F009 /* Main.storyboard in Resources */,
				9C06C5C6200F895E001A6A1C /* F2_Pepper_7.wav in Resources */,
				9C8CEBB7201F375800446C97 /* marching-concrete-loop.aiff in Resources */,
				9C06C5C3200F895E001A6A1C /* F2_Pepper_14.wav in Resources */,
				9C6C53A720408FC20076F825 /* GameOverOverlay.sks in Resources */,
				D25BAE221FC60443000ED0EC /* SettingsOverlay.sks in Resources */,
				9C06C5C4200F895E001A6A1C /* F2_Pepper_15.wav in Resources */,
				9C0350E81FD0A52800970006 /* F1_Potato_1.wav in Resources */,
				9C7DE8852029B19F00C4D2A2 /* cutscene2.srt in Resources */,
				D2983A401FF2C8AE00979A52 /* PauseOverlay.sks in Resources */,
				9C0350EA1FD0A52800970006 /* F1_Pepper_4.wav in Resources */,
				D2B8BBB81FBB64D70042F873 /* Burrito.TTF in Resources */,
				9C06C5C0200F895E001A6A1C /* F2_Pepper_5.wav in Resources */,
				9C06C5C1200F895E001A6A1C /* F2_Pepper_6.wav in Resources */,
				9C8CEBBC201F4DBC00446C97 /* AttackOrder.wav in Resources */,
				D2983A331FF2C09F00979A52 /* FinishOverlay.sks in Resources */,
				9C7DE88A2029B38500C4D2A2 /* cutscene3.srt in Resources */,
				9C06C5C5200F895E001A6A1C /* F2_Pepper_4.wav in Resources */,
				9C06C5B9200F895E001A6A1C /* F2_Pepper_12.wav in Resources */,
				9C8CEBBD201F4DBC00446C97 /* GeneralSpeech.wav in Resources */,
				9C0350F11FD0D4EA00970006 /* F1_Pepper_5.wav in Resources */,
				9C4806851FCC505000168571 /* splashingWater2.wav in Resources */,
				9CE0FF491FC854B2004AF735 /* splashingWater.wav in Resources */,
				9C06C5C8200F895E001A6A1C /* F2_Pepper_10.wav in Resources */,
				9CCC6B3320165903009937E6 /* WarDrumLoop.wav in Resources */,
				9C7DE8892029B38500C4D2A2 /* cutscene3_ptbr.srt in Resources */,
				9C7DE8602028A7B600C4D2A2 /* cutscene3.mp4 in Resources */,
			);
			runOnlyForDeploymentPostprocessing = 0;
		};
/* End PBXResourcesBuildPhase section */

/* Begin PBXShellScriptBuildPhase section */
		0578BEFA110F4F75158C4202 /* [CP] Check Pods Manifest.lock */ = {
			isa = PBXShellScriptBuildPhase;
			buildActionMask = 2147483647;
			files = (
			);
			inputPaths = (
				"${PODS_PODFILE_DIR_PATH}/Podfile.lock",
				"${PODS_ROOT}/Manifest.lock",
			);
			name = "[CP] Check Pods Manifest.lock";
			outputPaths = (
				"$(DERIVED_FILE_DIR)/Pods-PepperJourney-checkManifestLockResult.txt",
			);
			runOnlyForDeploymentPostprocessing = 0;
			shellPath = /bin/sh;
			shellScript = "diff \"${PODS_PODFILE_DIR_PATH}/Podfile.lock\" \"${PODS_ROOT}/Manifest.lock\" > /dev/null\nif [ $? != 0 ] ; then\n    # print error to STDERR\n    echo \"error: The sandbox is not in sync with the Podfile.lock. Run 'pod install' or update your CocoaPods installation.\" >&2\n    exit 1\nfi\n# This output is used by Xcode 'outputs' to avoid re-running this script phase.\necho \"SUCCESS\" > \"${SCRIPT_OUTPUT_FILE_0}\"\n";
			showEnvVarsInLog = 0;
		};
		170788B227114C8BD217D750 /* [CP] Copy Pods Resources */ = {
			isa = PBXShellScriptBuildPhase;
			buildActionMask = 2147483647;
			files = (
			);
			inputPaths = (
			);
			name = "[CP] Copy Pods Resources";
			outputPaths = (
			);
			runOnlyForDeploymentPostprocessing = 0;
			shellPath = /bin/sh;
			shellScript = "\"${SRCROOT}/Pods/Target Support Files/Pods-PepperJourney/Pods-PepperJourney-resources.sh\"\n";
			showEnvVarsInLog = 0;
		};
		672E8D6E871DDC3B64826583 /* [CP] Embed Pods Frameworks */ = {
			isa = PBXShellScriptBuildPhase;
			buildActionMask = 2147483647;
			files = (
			);
			inputPaths = (
				"${SRCROOT}/Pods/Target Support Files/Pods-PepperJourney/Pods-PepperJourney-frameworks.sh",
				"${BUILT_PRODUCTS_DIR}/AVPlayerViewController-Subtitles/AVPlayerViewControllerSubtitles.framework",
			);
			name = "[CP] Embed Pods Frameworks";
			outputPaths = (
				"${TARGET_BUILD_DIR}/${FRAMEWORKS_FOLDER_PATH}/AVPlayerViewControllerSubtitles.framework",
			);
			runOnlyForDeploymentPostprocessing = 0;
			shellPath = /bin/sh;
			shellScript = "\"${SRCROOT}/Pods/Target Support Files/Pods-PepperJourney/Pods-PepperJourney-frameworks.sh\"\n";
			showEnvVarsInLog = 0;
		};
/* End PBXShellScriptBuildPhase section */

/* Begin PBXSourcesBuildPhase section */
		D2EC85751F83F1240093F009 /* Sources */ = {
			isa = PBXSourcesBuildPhase;
			buildActionMask = 2147483647;
			files = (
				D2DDAD521FBA2913009FA2B0 /* GameOptions.swift in Sources */,
				D2E594B21FC758880050D5D5 /* GameController.swift in Sources */,
				D2863F221FA14761004CCCDC /* JumpingMoveState.swift in Sources */,
				B08B91211FC4CCBE00304E46 /* SoundDistanceComponent.swift in Sources */,
				D26610181FD5B831006B1455 /* CameraControl.swift in Sources */,
				D2EC85811F83F1240093F009 /* GameViewController.swift in Sources */,
				9CC26F691FD960B300292099 /* AttackLimiterComponent.swift in Sources */,
				D25160EC1F940ACF00BF756A /* StandingState.swift in Sources */,
				D2E0A8981F993B5D00FCC255 /* JumpComponent.swift in Sources */,
				9CE88A3120121DE100627D14 /* OverPotatoSceneController.swift in Sources */,
				D25AD5AE1F87ECF900F2093E /* Character.swift in Sources */,
				9C774A631FE1997C00A388CC /* SubtitleController.swift in Sources */,
				9CD8547A2008C611009C7218 /* CheckPointController.swift in Sources */,
				D2050A7D1FCC99D9001EC7FE /* JumpButton.swift in Sources */,
				D207CFC71F8EA5370084240E /* Stick.swift in Sources */,
				9C1DD987202754CC00895923 /* PotatoEntity.swift in Sources */,
				9C13D4DB202402C600515235 /* BigBridgeBattleController.swift in Sources */,
				9CC26F651FD9369500292099 /* EntityCleanerComponent.swift in Sources */,
				D20108901FBE11D9007660E3 /* GameOverOverlay.swift in Sources */,
				9C1B82A11FA0D09800173FF3 /* TrigonometryLib.swift in Sources */,
				D266101C1FD5DEE0006B1455 /* Controls.swift in Sources */,
				9C3ADB2720263D0F004360CF /* MemoryOptimizationController.swift in Sources */,
				9C1DD988202754CC00895923 /* PotatoStateMachine.swift in Sources */,
				D2983A541FF2CBAA00979A52 /* String+Localized.swift in Sources */,
				9C2FEE92200D2C9D006A5274 /* MissionController.swift in Sources */,
				9C03A2421F9A33DD008F191A /* EntityManager.swift in Sources */,
				B0676A301FE143E30001BA27 /* MoveAlong.swift in Sources */,
				9C2FEE8F200D2978006A5274 /* NewMissionOverlay.swift in Sources */,
				9CAF1BB01FFFEB6000D9D70A /* RewardAdvertisement.swift in Sources */,
				D25BAE261FC60864000ED0EC /* SettingsOverlay.swift in Sources */,
				9CD635A31FD8CEB90016CC7B /* PrisonerBox.swift in Sources */,
				B095F5D41FE0240300B4F386 /* TutorialFase1State.swift in Sources */,
				D26035F11FCDC57B00E4F069 /* FinishOverlay.swift in Sources */,
				B095F5D21FE01FF100B4F386 /* TutorialFase1Overlay.swift in Sources */,
				D2C7654F1FD0891100EC7D9B /* VideoViewController.swift in Sources */,
				D26035F31FCDC66C00E4F069 /* CGPoint+FromUIView.swift in Sources */,
				9C1DD98A20275C3000895923 /* PursueComponent.swift in Sources */,
				9CC26F671FD95A5700292099 /* PowerLevelComponent.swift in Sources */,
				D2FBD29E1FE1900900F47A9F /* EnemyGeneratorSystem.swift in Sources */,
				9C0350F81FD59ED200970006 /* Fase2GameController.swift in Sources */,
				B0465F0D1FC444A2002B8FE8 /* SoundRandomComponent.swift in Sources */,
				9C2306852017652100B1240F /* LicenseAdds.swift in Sources */,
				9C1B829F1F9FADD300173FF3 /* ModelComponent.swift in Sources */,
				D2F53D751F9A88FF00422F24 /* WalkingState.swift in Sources */,
				D2EC857D1F83F1240093F009 /* AppDelegate.swift in Sources */,
				9C6C53AC20438ED00076F825 /* MenuController.swift in Sources */,
				9C3ADB2920264714004360CF /* SCNMath.swift in Sources */,
				D2A584341FDEF71200082174 /* AttackState.swift in Sources */,
				D20108941FBE11D9007660E3 /* StartOverlay.swift in Sources */,
				D291BB541F8E976A00B2D111 /* SimdExtensions.swift in Sources */,
				D201088F1FBE11D9007660E3 /* ControlsOverlay.swift in Sources */,
				9C991DB31FCC99DE00DEE3D6 /* AttackComponent.swift in Sources */,
				D25AD5A61F87E1B100F2093E /* PadOverlay.swift in Sources */,
				D25160E81F93FB7F00BF756A /* RunningState.swift in Sources */,
				9CD635A71FD8CEDE0016CC7B /* DistanceAlarmComponent.swift in Sources */,
				D25160EA1F94063400BF756A /* SCNAnimationPlayer + Load Animation.swift in Sources */,
				9C4806811FC88A2700168571 /* SinkComponent.swift in Sources */,
				D25160E51F93FA3400BF756A /* BaseState.swift in Sources */,
				9C6C53B42044A1EC0076F825 /* MenuOverlay.swift in Sources */,
				D207CFC51F8EA2D10084240E /* Dpad.swift in Sources */,
				D28623B91FA3B00200691E83 /* PlayState.swift in Sources */,
				B06FCD6A1FD8EC6E00EFFA31 /* PotatoSpearEntity.swift in Sources */,
				D2050A7F1FCC9BD1001EC7FE /* AttackButton.swift in Sources */,
				D2719D901FA0EBDA00FCB61F /* AnimationType.swift in Sources */,
				D2FBD2A01FE19D3600F47A9F /* SKButton.swift in Sources */,
				D28623B51FA3AF5F00691E83 /* GameBaseState.swift in Sources */,
				D28623B71FA3AFB600691E83 /* PauseState.swift in Sources */,
				9C0350F61FD59EA800970006 /* Fase1GameController.swift in Sources */,
				D26D7B691FD952D700CCA3C1 /* LifeComponent.swift in Sources */,
				9CE0FF431FC765B9004AF735 /* SoundController.swift in Sources */,
				9CD635A61FD8CEDE0016CC7B /* TimeAlarmComponent.swift in Sources */,
				D20108921FBE11D9007660E3 /* PauseOverlay.swift in Sources */,
				D25160EE1F940B0C00BF756A /* JumpingState.swift in Sources */,
			);
			runOnlyForDeploymentPostprocessing = 0;
		};
/* End PBXSourcesBuildPhase section */

/* Begin PBXVariantGroup section */
		9C2FEE8C200D2801006A5274 /* NewMissionOverlay.sks */ = {
			isa = PBXVariantGroup;
			children = (
				9C2FEE8B200D2801006A5274 /* Base */,
				9C2FEE8D200D280C006A5274 /* pt-BR */,
			);
			name = NewMissionOverlay.sks;
			sourceTree = "<group>";
		};
		9C6C53A920408FC20076F825 /* GameOverOverlay.sks */ = {
			isa = PBXVariantGroup;
			children = (
				9C6C53A820408FC20076F825 /* Base */,
				9C6C53AA20408FCB0076F825 /* pt-BR */,
			);
			name = GameOverOverlay.sks;
			path = PepperJourney/Overlays;
			sourceTree = SOURCE_ROOT;
		};
		D2983A351FF2C09F00979A52 /* FinishOverlay.sks */ = {
			isa = PBXVariantGroup;
			children = (
				D2983A361FF2C0A500979A52 /* Base */,
				D2983A3A1FF2C72100979A52 /* pt-BR */,
			);
			name = FinishOverlay.sks;
			path = PepperJourney/Overlays;
			sourceTree = SOURCE_ROOT;
		};
		D2983A421FF2C8AE00979A52 /* PauseOverlay.sks */ = {
			isa = PBXVariantGroup;
			children = (
				D2983A411FF2C8AE00979A52 /* Base */,
				D2983A431FF2C8B200979A52 /* pt-BR */,
			);
			name = PauseOverlay.sks;
			sourceTree = "<group>";
		};
		D2983A461FF2C8E300979A52 /* StartOverlay.sks */ = {
			isa = PBXVariantGroup;
			children = (
				D2983A451FF2C8E300979A52 /* Base */,
				D2983A471FF2C8F100979A52 /* pt-BR */,
			);
			name = StartOverlay.sks;
			path = PepperJourney/Overlays;
			sourceTree = SOURCE_ROOT;
		};
		D2983A4A1FF2C93900979A52 /* TutorialFase1Overlay.sks */ = {
			isa = PBXVariantGroup;
			children = (
				D2983A491FF2C93900979A52 /* Base */,
				D2983A4B1FF2C93B00979A52 /* pt-BR */,
			);
			name = TutorialFase1Overlay.sks;
			sourceTree = "<group>";
		};
		D2983A501FF2CA4E00979A52 /* Localizable.strings */ = {
			isa = PBXVariantGroup;
			children = (
				D2983A511FF2CA5300979A52 /* Base */,
				D2983A521FF2CA5B00979A52 /* pt-BR */,
			);
			name = Localizable.strings;
			sourceTree = "<group>";
		};
		D2EC85821F83F1240093F009 /* Main.storyboard */ = {
			isa = PBXVariantGroup;
			children = (
				D2EC85831F83F1240093F009 /* Base */,
				D2983A371FF2C10800979A52 /* pt-BR */,
			);
			name = Main.storyboard;
			sourceTree = "<group>";
		};
		D2EC85871F83F1240093F009 /* LaunchScreen.storyboard */ = {
			isa = PBXVariantGroup;
			children = (
				D2EC85881F83F1240093F009 /* Base */,
				D2983A381FF2C10800979A52 /* pt-BR */,
			);
			name = LaunchScreen.storyboard;
			sourceTree = "<group>";
		};
/* End PBXVariantGroup section */

/* Begin XCBuildConfiguration section */
		D2EC858B1F83F1240093F009 /* Debug */ = {
			isa = XCBuildConfiguration;
			buildSettings = {
				ALWAYS_SEARCH_USER_PATHS = NO;
				CLANG_ANALYZER_LOCALIZABILITY_NONLOCALIZED = YES;
				CLANG_ANALYZER_NONNULL = YES;
				CLANG_ANALYZER_NUMBER_OBJECT_CONVERSION = YES_AGGRESSIVE;
				CLANG_CXX_LANGUAGE_STANDARD = "gnu++14";
				CLANG_CXX_LIBRARY = "libc++";
				CLANG_ENABLE_MODULES = YES;
				CLANG_ENABLE_OBJC_ARC = YES;
				CLANG_WARN_BLOCK_CAPTURE_AUTORELEASING = YES;
				CLANG_WARN_BOOL_CONVERSION = YES;
				CLANG_WARN_COMMA = YES;
				CLANG_WARN_CONSTANT_CONVERSION = YES;
				CLANG_WARN_DIRECT_OBJC_ISA_USAGE = YES_ERROR;
				CLANG_WARN_DOCUMENTATION_COMMENTS = YES;
				CLANG_WARN_EMPTY_BODY = YES;
				CLANG_WARN_ENUM_CONVERSION = YES;
				CLANG_WARN_INFINITE_RECURSION = YES;
				CLANG_WARN_INT_CONVERSION = YES;
				CLANG_WARN_NON_LITERAL_NULL_CONVERSION = YES;
				CLANG_WARN_OBJC_LITERAL_CONVERSION = YES;
				CLANG_WARN_OBJC_ROOT_CLASS = YES_ERROR;
				CLANG_WARN_RANGE_LOOP_ANALYSIS = YES;
				CLANG_WARN_STRICT_PROTOTYPES = YES;
				CLANG_WARN_SUSPICIOUS_MOVE = YES;
				CLANG_WARN_UNGUARDED_AVAILABILITY = YES_AGGRESSIVE;
				CLANG_WARN_UNREACHABLE_CODE = YES;
				CLANG_WARN__DUPLICATE_METHOD_MATCH = YES;
				CODE_SIGN_IDENTITY = "iPhone Developer";
				COPY_PHASE_STRIP = NO;
				DEBUG_INFORMATION_FORMAT = dwarf;
				ENABLE_STRICT_OBJC_MSGSEND = YES;
				ENABLE_TESTABILITY = YES;
				GCC_C_LANGUAGE_STANDARD = gnu11;
				GCC_DYNAMIC_NO_PIC = NO;
				GCC_NO_COMMON_BLOCKS = YES;
				GCC_OPTIMIZATION_LEVEL = 0;
				GCC_PREPROCESSOR_DEFINITIONS = (
					"DEBUG=1",
					"$(inherited)",
				);
				GCC_WARN_64_TO_32_BIT_CONVERSION = YES;
				GCC_WARN_ABOUT_RETURN_TYPE = YES_ERROR;
				GCC_WARN_UNDECLARED_SELECTOR = YES;
				GCC_WARN_UNINITIALIZED_AUTOS = YES_AGGRESSIVE;
				GCC_WARN_UNUSED_FUNCTION = YES;
				GCC_WARN_UNUSED_VARIABLE = YES;
				IPHONEOS_DEPLOYMENT_TARGET = 11.0;
				MTL_ENABLE_DEBUG_INFO = YES;
				ONLY_ACTIVE_ARCH = YES;
				SDKROOT = iphoneos;
				SWIFT_ACTIVE_COMPILATION_CONDITIONS = DEBUG;
				SWIFT_OPTIMIZATION_LEVEL = "-Onone";
			};
			name = Debug;
		};
		D2EC858C1F83F1240093F009 /* Release */ = {
			isa = XCBuildConfiguration;
			buildSettings = {
				ALWAYS_SEARCH_USER_PATHS = NO;
				CLANG_ANALYZER_LOCALIZABILITY_NONLOCALIZED = YES;
				CLANG_ANALYZER_NONNULL = YES;
				CLANG_ANALYZER_NUMBER_OBJECT_CONVERSION = YES_AGGRESSIVE;
				CLANG_CXX_LANGUAGE_STANDARD = "gnu++14";
				CLANG_CXX_LIBRARY = "libc++";
				CLANG_ENABLE_MODULES = YES;
				CLANG_ENABLE_OBJC_ARC = YES;
				CLANG_WARN_BLOCK_CAPTURE_AUTORELEASING = YES;
				CLANG_WARN_BOOL_CONVERSION = YES;
				CLANG_WARN_COMMA = YES;
				CLANG_WARN_CONSTANT_CONVERSION = YES;
				CLANG_WARN_DIRECT_OBJC_ISA_USAGE = YES_ERROR;
				CLANG_WARN_DOCUMENTATION_COMMENTS = YES;
				CLANG_WARN_EMPTY_BODY = YES;
				CLANG_WARN_ENUM_CONVERSION = YES;
				CLANG_WARN_INFINITE_RECURSION = YES;
				CLANG_WARN_INT_CONVERSION = YES;
				CLANG_WARN_NON_LITERAL_NULL_CONVERSION = YES;
				CLANG_WARN_OBJC_LITERAL_CONVERSION = YES;
				CLANG_WARN_OBJC_ROOT_CLASS = YES_ERROR;
				CLANG_WARN_RANGE_LOOP_ANALYSIS = YES;
				CLANG_WARN_STRICT_PROTOTYPES = YES;
				CLANG_WARN_SUSPICIOUS_MOVE = YES;
				CLANG_WARN_UNGUARDED_AVAILABILITY = YES_AGGRESSIVE;
				CLANG_WARN_UNREACHABLE_CODE = YES;
				CLANG_WARN__DUPLICATE_METHOD_MATCH = YES;
				CODE_SIGN_IDENTITY = "iPhone Developer";
				COPY_PHASE_STRIP = NO;
				DEBUG_INFORMATION_FORMAT = "dwarf-with-dsym";
				ENABLE_NS_ASSERTIONS = NO;
				ENABLE_STRICT_OBJC_MSGSEND = YES;
				GCC_C_LANGUAGE_STANDARD = gnu11;
				GCC_NO_COMMON_BLOCKS = YES;
				GCC_WARN_64_TO_32_BIT_CONVERSION = YES;
				GCC_WARN_ABOUT_RETURN_TYPE = YES_ERROR;
				GCC_WARN_UNDECLARED_SELECTOR = YES;
				GCC_WARN_UNINITIALIZED_AUTOS = YES_AGGRESSIVE;
				GCC_WARN_UNUSED_FUNCTION = YES;
				GCC_WARN_UNUSED_VARIABLE = YES;
				IPHONEOS_DEPLOYMENT_TARGET = 11.0;
				MTL_ENABLE_DEBUG_INFO = NO;
				SDKROOT = iphoneos;
				SWIFT_OPTIMIZATION_LEVEL = "-Owholemodule";
				VALIDATE_PRODUCT = YES;
			};
			name = Release;
		};
		D2EC858E1F83F1240093F009 /* Debug */ = {
			isa = XCBuildConfiguration;
			baseConfigurationReference = CDEDAB54193D026F2A4A659F /* Pods-PepperJourney.debug.xcconfig */;
			buildSettings = {
				ASSETCATALOG_COMPILER_APPICON_NAME = AppIcon;
				CODE_SIGN_STYLE = Automatic;
				DEVELOPMENT_TEAM = "";
				INFOPLIST_FILE = PepperJourney/Info.plist;
				LD_RUNPATH_SEARCH_PATHS = "$(inherited) @executable_path/Frameworks";
				PRODUCT_BUNDLE_IDENTIFIER = com.vrmassoni.SpicyHero;
				PRODUCT_NAME = "$(TARGET_NAME)";
				SWIFT_VERSION = 4.0;
				TARGETED_DEVICE_FAMILY = "1,2";
			};
			name = Debug;
		};
		D2EC858F1F83F1240093F009 /* Release */ = {
			isa = XCBuildConfiguration;
			baseConfigurationReference = F1F5605B77443234249D458A /* Pods-PepperJourney.release.xcconfig */;
			buildSettings = {
				ASSETCATALOG_COMPILER_APPICON_NAME = AppIcon;
				CODE_SIGN_STYLE = Automatic;
				DEVELOPMENT_TEAM = "";
				INFOPLIST_FILE = PepperJourney/Info.plist;
				LD_RUNPATH_SEARCH_PATHS = "$(inherited) @executable_path/Frameworks";
				PRODUCT_BUNDLE_IDENTIFIER = com.vrmassoni.SpicyHero;
				PRODUCT_NAME = "$(TARGET_NAME)";
				SWIFT_VERSION = 4.0;
				TARGETED_DEVICE_FAMILY = "1,2";
			};
			name = Release;
		};
/* End XCBuildConfiguration section */

/* Begin XCConfigurationList section */
		D2EC85741F83F1240093F009 /* Build configuration list for PBXProject "PepperJourney" */ = {
			isa = XCConfigurationList;
			buildConfigurations = (
				D2EC858B1F83F1240093F009 /* Debug */,
				D2EC858C1F83F1240093F009 /* Release */,
			);
			defaultConfigurationIsVisible = 0;
			defaultConfigurationName = Release;
		};
		D2EC858D1F83F1240093F009 /* Build configuration list for PBXNativeTarget "PepperJourney" */ = {
			isa = XCConfigurationList;
			buildConfigurations = (
				D2EC858E1F83F1240093F009 /* Debug */,
				D2EC858F1F83F1240093F009 /* Release */,
			);
			defaultConfigurationIsVisible = 0;
			defaultConfigurationName = Release;
		};
/* End XCConfigurationList section */
	};
	rootObject = D2EC85711F83F1240093F009 /* Project object */;
}
